<?xml version="1.0" encoding="utf-8"?>
<Project ToolsVersion="4.0" xmlns="http://schemas.microsoft.com/developer/msbuild/2003">
  <ItemGroup>
    <ClCompile Include="mainApp.cpp" />
    <ClCompile Include="mainAppEvents.cpp" />
  </ItemGroup>
  <ItemGroup>
    <ClInclude Include="mainApp.h" />
  </ItemGroup>
  <ItemGroup>
    <Filter Include="res">
      <UniqueIdentifier>{d3f4bf29-6f86-43b3-b079-064ad3a64eb7}</UniqueIdentifier>
    </Filter>
  </ItemGroup>
  <ItemGroup>
    <ResourceCompile Include="oes.rc">
      <Filter>res</Filter>
    </ResourceCompile>
  </ItemGroup>
</Project>