
Microsoft Visual Studio Solution File, Format Version 12.00
# Visual Studio Version 17
VisualStudioVersion = 17.2.32602.215
MinimumVisualStudioVersion = 10.0.40219.1
Project("{8BC9CEB8-8B4A-11D0-8D11-00A0C91BC942}") = "core", "src\engine\core\core.vcxproj", "{E5B4B7ED-A0D7-42A9-BFED-F527FD029F92}"
EndProject
Project("{8BC9CEB8-8B4A-11D0-8D11-00A0C91BC942}") = "deamon", "src\engine\deamon\deamon.vcxproj", "{4AF26744-6E43-426E-85CF-FB566690A28A}"
	ProjectSection(ProjectDependencies) = postProject
		{E5B4B7ED-A0D7-42A9-BFED-F527FD029F92} = {E5B4B7ED-A0D7-42A9-BFED-F527FD029F92}
	EndProjectSection
EndProject
Project("{2150E333-8FDC-42A3-9474-1A3956D46DE8}") = "services", "services", "{EC9549AB-F505-4D38-B127-CB1AD0DB1C7B}"
EndProject
Project("{8BC9CEB8-8B4A-11D0-8D11-00A0C91BC942}") = "oes", "src\engine\oes\oes.vcxproj.vcxproj", "{6267B6E7-57A6-461F-87FD-82CDDDE51EAD}"
	ProjectSection(ProjectDependencies) = postProject
		{E5B4B7ED-A0D7-42A9-BFED-F527FD029F92} = {E5B4B7ED-A0D7-42A9-BFED-F527FD029F92}
	EndProjectSection
EndProject
Project("{8BC9CEB8-8B4A-11D0-8D11-00A0C91BC942}") = "launcher", "src\engine\launcher\launcher.vcxproj.vcxproj", "{AEA57361-BEBB-4C8C-8E56-E9FBF7A23451}"
	ProjectSection(ProjectDependencies) = postProject
		{E5B4B7ED-A0D7-42A9-BFED-F527FD029F92} = {E5B4B7ED-A0D7-42A9-BFED-F527FD029F92}
	EndProjectSection
EndProject
Global
	GlobalSection(SolutionConfigurationPlatforms) = preSolution
		Debug|x64 = Debug|x64
		Debug|x86 = Debug|x86
		Release|x64 = Release|x64
		Release|x86 = Release|x86
	EndGlobalSection
	GlobalSection(ProjectConfigurationPlatforms) = postSolution
		{E5B4B7ED-A0D7-42A9-BFED-F527FD029F92}.Debug|x64.ActiveCfg = Debug|x64
		{E5B4B7ED-A0D7-42A9-BFED-F527FD029F92}.Debug|x64.Build.0 = Debug|x64
		{E5B4B7ED-A0D7-42A9-BFED-F527FD029F92}.Debug|x86.ActiveCfg = Debug|Win32
		{E5B4B7ED-A0D7-42A9-BFED-F527FD029F92}.Debug|x86.Build.0 = Debug|Win32
		{E5B4B7ED-A0D7-42A9-BFED-F527FD029F92}.Release|x64.ActiveCfg = Release|x64
		{E5B4B7ED-A0D7-42A9-BFED-F527FD029F92}.Release|x64.Build.0 = Release|x64
		{E5B4B7ED-A0D7-42A9-BFED-F527FD029F92}.Release|x86.ActiveCfg = Release|Win32
		{E5B4B7ED-A0D7-42A9-BFED-F527FD029F92}.Release|x86.Build.0 = Release|Win32
		{4AF26744-6E43-426E-85CF-FB566690A28A}.Debug|x64.ActiveCfg = Debug|x64
		{4AF26744-6E43-426E-85CF-FB566690A28A}.Debug|x64.Build.0 = Debug|x64
		{4AF26744-6E43-426E-85CF-FB566690A28A}.Debug|x86.ActiveCfg = Debug|Win32
		{4AF26744-6E43-426E-85CF-FB566690A28A}.Debug|x86.Build.0 = Debug|Win32
		{4AF26744-6E43-426E-85CF-FB566690A28A}.Release|x64.ActiveCfg = Release|x64
		{4AF26744-6E43-426E-85CF-FB566690A28A}.Release|x64.Build.0 = Release|x64
		{4AF26744-6E43-426E-85CF-FB566690A28A}.Release|x86.ActiveCfg = Release|Win32
		{4AF26744-6E43-426E-85CF-FB566690A28A}.Release|x86.Build.0 = Release|Win32
		{6267B6E7-57A6-461F-87FD-82CDDDE51EAD}.Debug|x64.ActiveCfg = Debug|x64
		{6267B6E7-57A6-461F-87FD-82CDDDE51EAD}.Debug|x64.Build.0 = Debug|x64
		{6267B6E7-57A6-461F-87FD-82CDDDE51EAD}.Debug|x86.ActiveCfg = Debug|Win32
		{6267B6E7-57A6-461F-87FD-82CDDDE51EAD}.Debug|x86.Build.0 = Debug|Win32
		{6267B6E7-57A6-461F-87FD-82CDDDE51EAD}.Release|x64.ActiveCfg = Release|x64
		{6267B6E7-57A6-461F-87FD-82CDDDE51EAD}.Release|x64.Build.0 = Release|x64
		{6267B6E7-57A6-461F-87FD-82CDDDE51EAD}.Release|x86.ActiveCfg = Release|Win32
		{6267B6E7-57A6-461F-87FD-82CDDDE51EAD}.Release|x86.Build.0 = Release|Win32
		{AEA57361-BEBB-4C8C-8E56-E9FBF7A23451}.Debug|x64.ActiveCfg = Debug|x64
		{AEA57361-BEBB-4C8C-8E56-E9FBF7A23451}.Debug|x64.Build.0 = Debug|x64
		{AEA57361-BEBB-4C8C-8E56-E9FBF7A23451}.Debug|x86.ActiveCfg = Debug|Win32
		{AEA57361-BEBB-4C8C-8E56-E9FBF7A23451}.Debug|x86.Build.0 = Debug|Win32
		{AEA57361-BEBB-4C8C-8E56-E9FBF7A23451}.Release|x64.ActiveCfg = Release|x64
		{AEA57361-BEBB-4C8C-8E56-E9FBF7A23451}.Release|x64.Build.0 = Release|x64
		{AEA57361-BEBB-4C8C-8E56-E9FBF7A23451}.Release|x86.ActiveCfg = Release|Win32
		{AEA57361-BEBB-4C8C-8E56-E9FBF7A23451}.Release|x86.Build.0 = Release|Win32
	EndGlobalSection
	GlobalSection(SolutionProperties) = preSolution
		HideSolutionNode = FALSE
	EndGlobalSection
	GlobalSection(NestedProjects) = preSolution
		{4AF26744-6E43-426E-85CF-FB566690A28A} = {EC9549AB-F505-4D38-B127-CB1AD0DB1C7B}
	EndGlobalSection
	GlobalSection(ExtensibilityGlobals) = postSolution
		SolutionGuid = {62A00AB3-C019-4434-B91B-9F8CD0216644}
	EndGlobalSection
EndGlobal
