<?xml version="1.0" encoding="utf-8"?>
<Project ToolsVersion="4.0" xmlns="http://schemas.microsoft.com/developer/msbuild/2003">
  <ItemGroup>
    <ClCompile Include="syntaxHelper\helpChooserDialog.cpp">
      <Filter>syntaxHelper</Filter>
    </ClCompile>
    <ClCompile Include="syntaxHelper\helpDetailView.cpp">
      <Filter>syntaxHelper</Filter>
    </ClCompile>
    <ClCompile Include="syntaxHelper\helpDragSource.cpp">
      <Filter>syntaxHelper</Filter>
    </ClCompile>
    <ClCompile Include="syntaxHelper\helpIndexView.cpp">
      <Filter>syntaxHelper</Filter>
    </ClCompile>
    <ClCompile Include="syntaxHelper\helpPaneView.cpp">
      <Filter>syntaxHelper</Filter>
    </ClCompile>
    <ClCompile Include="syntaxHelper\helpSearchView.cpp">
      <Filter>syntaxHelper</Filter>
    </ClCompile>
    <ClCompile Include="syntaxHelper\helpTreeView.cpp">
      <Filter>syntaxHelper</Filter>
    </ClCompile>
    <ClCompile Include="mainFrame\mainFrame.cpp">
      <Filter>mainFrame</Filter>
    </ClCompile>
    <ClCompile Include="mainFrame\mainFrameChild.cpp">
      <Filter>mainFrame</Filter>
    </ClCompile>
    <ClCompile Include="mainFrame\mainFrameParts.cpp">
      <Filter>mainFrame</Filter>
    </ClCompile>
    <ClCompile Include="mainFrame\objinspect\objinspect.cpp">
      <Filter>mainFrame\objinspect</Filter>
    </ClCompile>
    <ClCompile Include="win\dlgs\userItem.cpp">
      <Filter>win\dlgs</Filter>
    </ClCompile>
    <ClCompile Include="win\dlgs\userList.cpp">
      <Filter>win\dlgs</Filter>
    </ClCompile>
    <ClCompile Include="win\dlgs\selectData.cpp">
      <Filter>win\dlgs</Filter>
    </ClCompile>
    <ClCompile Include="win\dlgs\rowHeight.cpp">
      <Filter>win\dlgs</Filter>
    </ClCompile>
    <ClCompile Include="win\dlgs\generation.cpp">
      <Filter>win\dlgs</Filter>
    </ClCompile>
    <ClCompile Include="win\dlgs\errorDialog.cpp">
      <Filter>win\dlgs</Filter>
    </ClCompile>
    <ClCompile Include="win\dlgs\colHeight.cpp">
      <Filter>win\dlgs</Filter>
    </ClCompile>
    <ClCompile Include="win\dlgs\authorization.cpp">
      <Filter>win\dlgs</Filter>
    </ClCompile>
    <ClCompile Include="session\guiSession.cpp">
      <Filter>session</Filter>
    </ClCompile>
    <ClCompile Include="win\dlgs\activeUser.cpp">
      <Filter>win\dlgs</Filter>
    </ClCompile>
    <ClCompile Include="win\dlgs\about.cpp">
      <Filter>win\dlgs</Filter>
    </ClCompile>
    <ClCompile Include="docView\docView.cpp">
      <Filter>docView</Filter>
    </ClCompile>
    <ClCompile Include="docView\docManager.cpp">
      <Filter>docView</Filter>
    </ClCompile>
    <ClCompile Include="win\ctrls\checktree.cpp">
      <Filter>win\ctrls</Filter>
    </ClCompile>
    <ClCompile Include="win\ctrls\tableView.cpp">
      <Filter>win\ctrls</Filter>
    </ClCompile>
    <ClCompile Include="win\ctrls\treelistctrl.cpp">
      <Filter>win\ctrls</Filter>
    </ClCompile>
    <ClCompile Include="win\dlgs\formSelector\formSelector.cpp">
      <Filter>win\dlgs\formSelector</Filter>
    </ClCompile>
    <ClCompile Include="frontend.cpp" />
    <ClCompile Include="visualView\pageWindow.cpp">
      <Filter>visualView</Filter>
    </ClCompile>
    <ClCompile Include="visualView\visualHostClient.cpp">
      <Filter>visualView</Filter>
    </ClCompile>
    <ClCompile Include="visualView\visualHost.cpp">
      <Filter>visualView</Filter>
    </ClCompile>
    <ClCompile Include="visualView\visualHostEvent.cpp">
      <Filter>visualView</Filter>
    </ClCompile>
    <ClCompile Include="win\theme\luna_dockart.cpp">
      <Filter>win\theme</Filter>
    </ClCompile>
    <ClCompile Include="win\theme\luna_tabart.cpp">
      <Filter>win\theme</Filter>
    </ClCompile>
    <ClCompile Include="win\theme\luna_toolbarart.cpp">
      <Filter>win\theme</Filter>
    </ClCompile>
    <ClCompile Include="mainFrame\settings\editorsettings.cpp">
      <Filter>mainFrame\settings</Filter>
    </ClCompile>
    <ClCompile Include="mainFrame\settings\editorsettingspanel.cpp">
      <Filter>mainFrame\settings</Filter>
    </ClCompile>
    <ClCompile Include="mainFrame\settings\fontcolorsettings.cpp">
      <Filter>mainFrame\settings</Filter>
    </ClCompile>
    <ClCompile Include="mainFrame\settings\fontcolorsettingspanel.cpp">
      <Filter>mainFrame\settings</Filter>
    </ClCompile>
    <ClCompile Include="mainFrame\settings\keybinder.cpp">
      <Filter>mainFrame\settings</Filter>
    </ClCompile>
    <ClCompile Include="mainFrame\settings\keybinderdialog.cpp">
      <Filter>mainFrame\settings</Filter>
    </ClCompile>
    <ClCompile Include="mainFrame\settings\keymonitortextctrl.cpp">
      <Filter>mainFrame\settings</Filter>
    </ClCompile>
    <ClCompile Include="mainFrame\settings\settingsdialog.cpp">
      <Filter>mainFrame\settings</Filter>
    </ClCompile>
    <ClCompile Include="mainFrame\settings\showhelpevent.cpp">
      <Filter>mainFrame\settings</Filter>
    </ClCompile>
    <ClCompile Include="mainFrame\settings\statictextex.cpp">
      <Filter>mainFrame\settings</Filter>
    </ClCompile>
    <ClCompile Include="mainFrame\settings\stlutility.cpp">
      <Filter>mainFrame\settings</Filter>
    </ClCompile>
    <ClCompile Include="mainFrame\settings\xmlutility.cpp">
      <Filter>mainFrame\settings</Filter>
    </ClCompile>
    <ClCompile Include="win\ctrls\charts\wxareachartdatasetoptions.cpp">
      <Filter>win\ctrls\charts</Filter>
    </ClCompile>
    <ClCompile Include="win\ctrls\charts\wxareachartoptions.cpp">
      <Filter>win\ctrls\charts</Filter>
    </ClCompile>
    <ClCompile Include="win\ctrls\charts\wxbarchart.cpp">
      <Filter>win\ctrls\charts</Filter>
    </ClCompile>
    <ClCompile Include="win\ctrls\charts\wxbarchartctrl.cpp">
      <Filter>win\ctrls\charts</Filter>
    </ClCompile>
    <ClCompile Include="win\ctrls\charts\wxbarchartdatasetoptions.cpp">
      <Filter>win\ctrls\charts</Filter>
    </ClCompile>
    <ClCompile Include="win\ctrls\charts\wxbarchartoptions.cpp">
      <Filter>win\ctrls\charts</Filter>
    </ClCompile>
    <ClCompile Include="win\ctrls\charts\wxboxplot.cpp">
      <Filter>win\ctrls\charts</Filter>
    </ClCompile>
    <ClCompile Include="win\ctrls\charts\wxboxplotctrl.cpp">
      <Filter>win\ctrls\charts</Filter>
    </ClCompile>
    <ClCompile Include="win\ctrls\charts\wxboxplotdatasetoptions.cpp">
      <Filter>win\ctrls\charts</Filter>
    </ClCompile>
    <ClCompile Include="win\ctrls\charts\wxboxplotoptions.cpp">
      <Filter>win\ctrls\charts</Filter>
    </ClCompile>
    <ClCompile Include="win\ctrls\charts\wxbubblechart.cpp">
      <Filter>win\ctrls\charts</Filter>
    </ClCompile>
    <ClCompile Include="win\ctrls\charts\wxbubblechartctrl.cpp">
      <Filter>win\ctrls\charts</Filter>
    </ClCompile>
    <ClCompile Include="win\ctrls\charts\wxbubblechartoptions.cpp">
      <Filter>win\ctrls\charts</Filter>
    </ClCompile>
    <ClCompile Include="win\ctrls\charts\wxcandlestickchart.cpp">
      <Filter>win\ctrls\charts</Filter>
    </ClCompile>
    <ClCompile Include="win\ctrls\charts\wxcandlestickchartctrl.cpp">
      <Filter>win\ctrls\charts</Filter>
    </ClCompile>
    <ClCompile Include="win\ctrls\charts\wxcandlestickchartoptions.cpp">
      <Filter>win\ctrls\charts</Filter>
    </ClCompile>
    <ClCompile Include="win\ctrls\charts\wxchart.cpp">
      <Filter>win\ctrls\charts</Filter>
    </ClCompile>
    <ClCompile Include="win\ctrls\charts\wxchartbackground.cpp">
      <Filter>win\ctrls\charts</Filter>
    </ClCompile>
    <ClCompile Include="win\ctrls\charts\wxchartbackgroundoptions.cpp">
      <Filter>win\ctrls\charts</Filter>
    </ClCompile>
    <ClCompile Include="win\ctrls\charts\wxchartcommonoptions.cpp">
      <Filter>win\ctrls\charts</Filter>
    </ClCompile>
    <ClCompile Include="win\ctrls\charts\wxchartctrl.cpp">
      <Filter>win\ctrls\charts</Filter>
    </ClCompile>
    <ClCompile Include="win\ctrls\charts\wxchartfontoptions.cpp">
      <Filter>win\ctrls\charts</Filter>
    </ClCompile>
    <ClCompile Include="win\ctrls\charts\wxchartmultitooltip.cpp">
      <Filter>win\ctrls\charts</Filter>
    </ClCompile>
    <ClCompile Include="win\ctrls\charts\wxchartmultitooltipoptions.cpp">
      <Filter>win\ctrls\charts</Filter>
    </ClCompile>
    <ClCompile Include="win\ctrls\charts\wxchartoptions.cpp">
      <Filter>win\ctrls\charts</Filter>
    </ClCompile>
    <ClCompile Include="win\ctrls\charts\wxchartpadding.cpp">
      <Filter>win\ctrls\charts</Filter>
    </ClCompile>
    <ClCompile Include="win\ctrls\charts\wxchartsarc.cpp">
      <Filter>win\ctrls\charts</Filter>
    </ClCompile>
    <ClCompile Include="win\ctrls\charts\wxchartsarcoptions.cpp">
      <Filter>win\ctrls\charts</Filter>
    </ClCompile>
    <ClCompile Include="win\ctrls\charts\wxchartsaxis.cpp">
      <Filter>win\ctrls\charts</Filter>
    </ClCompile>
    <ClCompile Include="win\ctrls\charts\wxchartsaxisoptions.cpp">
      <Filter>win\ctrls\charts</Filter>
    </ClCompile>
    <ClCompile Include="win\ctrls\charts\wxchartsbrushoptions.cpp">
      <Filter>win\ctrls\charts</Filter>
    </ClCompile>
    <ClCompile Include="win\ctrls\charts\wxchartscategoricalaxis.cpp">
      <Filter>win\ctrls\charts</Filter>
    </ClCompile>
    <ClCompile Include="win\ctrls\charts\wxchartscategoricaldata.cpp">
      <Filter>win\ctrls\charts</Filter>
    </ClCompile>
    <ClCompile Include="win\ctrls\charts\wxchartscategoricaldataobserver.cpp">
      <Filter>win\ctrls\charts</Filter>
    </ClCompile>
    <ClCompile Include="win\ctrls\charts\wxchartscircle.cpp">
      <Filter>win\ctrls\charts</Filter>
    </ClCompile>
    <ClCompile Include="win\ctrls\charts\wxchartscircleoptions.cpp">
      <Filter>win\ctrls\charts</Filter>
    </ClCompile>
    <ClCompile Include="win\ctrls\charts\wxchartsdataset.cpp">
      <Filter>win\ctrls\charts</Filter>
    </ClCompile>
    <ClCompile Include="win\ctrls\charts\wxchartsdatasetid.cpp">
      <Filter>win\ctrls\charts</Filter>
    </ClCompile>
    <ClCompile Include="win\ctrls\charts\wxchartsdatasettheme.cpp">
      <Filter>win\ctrls\charts</Filter>
    </ClCompile>
    <ClCompile Include="win\ctrls\charts\wxchartsdoubledataset.cpp">
      <Filter>win\ctrls\charts</Filter>
    </ClCompile>
    <ClCompile Include="win\ctrls\charts\wxchartselement.cpp">
      <Filter>win\ctrls\charts</Filter>
    </ClCompile>
    <ClCompile Include="win\ctrls\charts\wxchartsgrid.cpp">
      <Filter>win\ctrls\charts</Filter>
    </ClCompile>
    <ClCompile Include="win\ctrls\charts\wxchartsgridmapping.cpp">
      <Filter>win\ctrls\charts</Filter>
    </ClCompile>
    <ClCompile Include="win\ctrls\charts\wxchartsgridoptions.cpp">
      <Filter>win\ctrls\charts</Filter>
    </ClCompile>
    <ClCompile Include="win\ctrls\charts\wxchartslabel.cpp">
      <Filter>win\ctrls\charts</Filter>
    </ClCompile>
    <ClCompile Include="win\ctrls\charts\wxchartslabelgroup.cpp">
      <Filter>win\ctrls\charts</Filter>
    </ClCompile>
    <ClCompile Include="win\ctrls\charts\wxchartslabeloptions.cpp">
      <Filter>win\ctrls\charts</Filter>
    </ClCompile>
    <ClCompile Include="win\ctrls\charts\wxchartslegendctrl.cpp">
      <Filter>win\ctrls\charts</Filter>
    </ClCompile>
    <ClCompile Include="win\ctrls\charts\wxchartslegenditem.cpp">
      <Filter>win\ctrls\charts</Filter>
    </ClCompile>
    <ClCompile Include="win\ctrls\charts\wxchartslegendline.cpp">
      <Filter>win\ctrls\charts</Filter>
    </ClCompile>
    <ClCompile Include="win\ctrls\charts\wxchartslegendlineoptions.cpp">
      <Filter>win\ctrls\charts</Filter>
    </ClCompile>
    <ClCompile Include="win\ctrls\charts\wxchartslegendoptions.cpp">
      <Filter>win\ctrls\charts</Filter>
    </ClCompile>
    <ClCompile Include="win\ctrls\charts\wxchartslicedata.cpp">
      <Filter>win\ctrls\charts</Filter>
    </ClCompile>
    <ClCompile Include="win\ctrls\charts\wxchartsnumericalaxis.cpp">
      <Filter>win\ctrls\charts</Filter>
    </ClCompile>
    <ClCompile Include="win\ctrls\charts\wxchartsohlcdata.cpp">
      <Filter>win\ctrls\charts</Filter>
    </ClCompile>
    <ClCompile Include="win\ctrls\charts\wxchartspenoptions.cpp">
      <Filter>win\ctrls\charts</Filter>
    </ClCompile>
    <ClCompile Include="win\ctrls\charts\wxchartspoint.cpp">
      <Filter>win\ctrls\charts</Filter>
    </ClCompile>
    <ClCompile Include="win\ctrls\charts\wxchartspointoptions.cpp">
      <Filter>win\ctrls\charts</Filter>
    </ClCompile>
    <ClCompile Include="win\ctrls\charts\wxchartsprecisiontheme.cpp">
      <Filter>win\ctrls\charts</Filter>
    </ClCompile>
    <ClCompile Include="win\ctrls\charts\wxchartspresentationtheme.cpp">
      <Filter>win\ctrls\charts</Filter>
    </ClCompile>
    <ClCompile Include="win\ctrls\charts\wxchartsradialgrid.cpp">
      <Filter>win\ctrls\charts</Filter>
    </ClCompile>
    <ClCompile Include="win\ctrls\charts\wxchartsradialgridoptions.cpp">
      <Filter>win\ctrls\charts</Filter>
    </ClCompile>
    <ClCompile Include="win\ctrls\charts\wxchartsrectangle.cpp">
      <Filter>win\ctrls\charts</Filter>
    </ClCompile>
    <ClCompile Include="win\ctrls\charts\wxchartsrectangleoptions.cpp">
      <Filter>win\ctrls\charts</Filter>
    </ClCompile>
    <ClCompile Include="win\ctrls\charts\wxchartstheme.cpp">
      <Filter>win\ctrls\charts</Filter>
    </ClCompile>
    <ClCompile Include="win\ctrls\charts\wxchartsthemefactory.cpp">
      <Filter>win\ctrls\charts</Filter>
    </ClCompile>
    <ClCompile Include="win\ctrls\charts\wxchartsthemeid.cpp">
      <Filter>win\ctrls\charts</Filter>
    </ClCompile>
    <ClCompile Include="win\ctrls\charts\wxchartstimeaxis.cpp">
      <Filter>win\ctrls\charts</Filter>
    </ClCompile>
    <ClCompile Include="win\ctrls\charts\wxchartsutilities.cpp">
      <Filter>win\ctrls\charts</Filter>
    </ClCompile>
    <ClCompile Include="win\ctrls\charts\wxcharttooltip.cpp">
      <Filter>win\ctrls\charts</Filter>
    </ClCompile>
    <ClCompile Include="win\ctrls\charts\wxcharttooltipoptions.cpp">
      <Filter>win\ctrls\charts</Filter>
    </ClCompile>
    <ClCompile Include="win\ctrls\charts\wxcharttooltipprovider.cpp">
      <Filter>win\ctrls\charts</Filter>
    </ClCompile>
    <ClCompile Include="win\ctrls\charts\wxcolumnchart.cpp">
      <Filter>win\ctrls\charts</Filter>
    </ClCompile>
    <ClCompile Include="win\ctrls\charts\wxcolumnchartctrl.cpp">
      <Filter>win\ctrls\charts</Filter>
    </ClCompile>
    <ClCompile Include="win\ctrls\charts\wxcolumnchartdatasetoptions.cpp">
      <Filter>win\ctrls\charts</Filter>
    </ClCompile>
    <ClCompile Include="win\ctrls\charts\wxcolumnchartoptions.cpp">
      <Filter>win\ctrls\charts</Filter>
    </ClCompile>
    <ClCompile Include="win\ctrls\charts\wxcombinationchart.cpp">
      <Filter>win\ctrls\charts</Filter>
    </ClCompile>
    <ClCompile Include="win\ctrls\charts\wxcombinationchartctrl.cpp">
      <Filter>win\ctrls\charts</Filter>
    </ClCompile>
    <ClCompile Include="win\ctrls\charts\wxcombinationchartoptions.cpp">
      <Filter>win\ctrls\charts</Filter>
    </ClCompile>
    <ClCompile Include="win\ctrls\charts\wxdoughnutandpiechartbase.cpp">
      <Filter>win\ctrls\charts</Filter>
    </ClCompile>
    <ClCompile Include="win\ctrls\charts\wxdoughnutandpiechartoptionsbase.cpp">
      <Filter>win\ctrls\charts</Filter>
    </ClCompile>
    <ClCompile Include="win\ctrls\charts\wxdoughnutchart.cpp">
      <Filter>win\ctrls\charts</Filter>
    </ClCompile>
    <ClCompile Include="win\ctrls\charts\wxdoughnutchartctrl.cpp">
      <Filter>win\ctrls\charts</Filter>
    </ClCompile>
    <ClCompile Include="win\ctrls\charts\wxdoughnutchartoptions.cpp">
      <Filter>win\ctrls\charts</Filter>
    </ClCompile>
    <ClCompile Include="win\ctrls\charts\wxhistogram.cpp">
      <Filter>win\ctrls\charts</Filter>
    </ClCompile>
    <ClCompile Include="win\ctrls\charts\wxhistogramctrl.cpp">
      <Filter>win\ctrls\charts</Filter>
    </ClCompile>
    <ClCompile Include="win\ctrls\charts\wxhistogramoptions.cpp">
      <Filter>win\ctrls\charts</Filter>
    </ClCompile>
    <ClCompile Include="win\ctrls\charts\wxlinechart.cpp">
      <Filter>win\ctrls\charts</Filter>
    </ClCompile>
    <ClCompile Include="win\ctrls\charts\wxlinechartctrl.cpp">
      <Filter>win\ctrls\charts</Filter>
    </ClCompile>
    <ClCompile Include="win\ctrls\charts\wxlinechartdatasetoptions.cpp">
      <Filter>win\ctrls\charts</Filter>
    </ClCompile>
    <ClCompile Include="win\ctrls\charts\wxlinechartoptions.cpp">
      <Filter>win\ctrls\charts</Filter>
    </ClCompile>
    <ClCompile Include="win\ctrls\charts\wxmath2dplot.cpp">
      <Filter>win\ctrls\charts</Filter>
    </ClCompile>
    <ClCompile Include="win\ctrls\charts\wxmath2dplotctrl.cpp">
      <Filter>win\ctrls\charts</Filter>
    </ClCompile>
    <ClCompile Include="win\ctrls\charts\wxmath2dplotoptions.cpp">
      <Filter>win\ctrls\charts</Filter>
    </ClCompile>
    <ClCompile Include="win\ctrls\charts\wxohlcchart.cpp">
      <Filter>win\ctrls\charts</Filter>
    </ClCompile>
    <ClCompile Include="win\ctrls\charts\wxohlcchartctrl.cpp">
      <Filter>win\ctrls\charts</Filter>
    </ClCompile>
    <ClCompile Include="win\ctrls\charts\wxohlcchartoptions.cpp">
      <Filter>win\ctrls\charts</Filter>
    </ClCompile>
    <ClCompile Include="win\ctrls\charts\wxpiechart.cpp">
      <Filter>win\ctrls\charts</Filter>
    </ClCompile>
    <ClCompile Include="win\ctrls\charts\wxpiechartctrl.cpp">
      <Filter>win\ctrls\charts</Filter>
    </ClCompile>
    <ClCompile Include="win\ctrls\charts\wxpiechartoptions.cpp">
      <Filter>win\ctrls\charts</Filter>
    </ClCompile>
    <ClCompile Include="win\ctrls\charts\wxpolarareachart.cpp">
      <Filter>win\ctrls\charts</Filter>
    </ClCompile>
    <ClCompile Include="win\ctrls\charts\wxpolarareachartctrl.cpp">
      <Filter>win\ctrls\charts</Filter>
    </ClCompile>
    <ClCompile Include="win\ctrls\charts\wxpolarareachartoptions.cpp">
      <Filter>win\ctrls\charts</Filter>
    </ClCompile>
    <ClCompile Include="win\ctrls\charts\wxradarchart.cpp">
      <Filter>win\ctrls\charts</Filter>
    </ClCompile>
    <ClCompile Include="win\ctrls\charts\wxradarchartctrl.cpp">
      <Filter>win\ctrls\charts</Filter>
    </ClCompile>
    <ClCompile Include="win\ctrls\charts\wxradarchartoptions.cpp">
      <Filter>win\ctrls\charts</Filter>
    </ClCompile>
    <ClCompile Include="win\ctrls\charts\wxscatterplot.cpp">
      <Filter>win\ctrls\charts</Filter>
    </ClCompile>
    <ClCompile Include="win\ctrls\charts\wxscatterplotctrl.cpp">
      <Filter>win\ctrls\charts</Filter>
    </ClCompile>
    <ClCompile Include="win\ctrls\charts\wxscatterplotoptions.cpp">
      <Filter>win\ctrls\charts</Filter>
    </ClCompile>
    <ClCompile Include="win\ctrls\charts\wxstackedbarchart.cpp">
      <Filter>win\ctrls\charts</Filter>
    </ClCompile>
    <ClCompile Include="win\ctrls\charts\wxstackedbarchartctrl.cpp">
      <Filter>win\ctrls\charts</Filter>
    </ClCompile>
    <ClCompile Include="win\ctrls\charts\wxstackedbarchartdatasetoptions.cpp">
      <Filter>win\ctrls\charts</Filter>
    </ClCompile>
    <ClCompile Include="win\ctrls\charts\wxstackedbarchartoptions.cpp">
      <Filter>win\ctrls\charts</Filter>
    </ClCompile>
    <ClCompile Include="win\ctrls\charts\wxstackedcolumnchart.cpp">
      <Filter>win\ctrls\charts</Filter>
    </ClCompile>
    <ClCompile Include="win\ctrls\charts\wxstackedcolumnchartctrl.cpp">
      <Filter>win\ctrls\charts</Filter>
    </ClCompile>
    <ClCompile Include="win\ctrls\charts\wxstackedcolumnchartdatasetoptions.cpp">
      <Filter>win\ctrls\charts</Filter>
    </ClCompile>
    <ClCompile Include="win\ctrls\charts\wxstackedcolumnchartoptions.cpp">
      <Filter>win\ctrls\charts</Filter>
    </ClCompile>
    <ClCompile Include="win\ctrls\charts\wxtimeserieschart.cpp">
      <Filter>win\ctrls\charts</Filter>
    </ClCompile>
    <ClCompile Include="win\ctrls\charts\wxtimeserieschartctrl.cpp">
      <Filter>win\ctrls\charts</Filter>
    </ClCompile>
    <ClCompile Include="win\ctrls\charts\wxtimeserieschartoptions.cpp">
      <Filter>win\ctrls\charts</Filter>
    </ClCompile>
    <ClCompile Include="win\ctrls\charts\wxareachart.cpp">
      <Filter>win\ctrls\charts</Filter>
    </ClCompile>
    <ClCompile Include="win\ctrls\charts\wxareachartctrl.cpp">
      <Filter>win\ctrls\charts</Filter>
    </ClCompile>
    <ClCompile Include="artProvider\artProvider.cpp">
      <Filter>artProvider</Filter>
    </ClCompile>
    <ClCompile Include="visualView\ctrl\wrapsizer.cpp">
      <Filter>visualView\ctrl</Filter>
    </ClCompile>
    <ClCompile Include="visualView\ctrl\boxsizer.cpp">
      <Filter>visualView\ctrl</Filter>
    </ClCompile>
    <ClCompile Include="visualView\ctrl\boxsizer_res.cpp">
      <Filter>visualView\ctrl</Filter>
    </ClCompile>
    <ClCompile Include="visualView\ctrl\button.cpp">
      <Filter>visualView\ctrl</Filter>
    </ClCompile>
    <ClCompile Include="visualView\ctrl\button_res.cpp">
      <Filter>visualView\ctrl</Filter>
    </ClCompile>
    <ClCompile Include="visualView\ctrl\buttonEvent.cpp">
      <Filter>visualView\ctrl</Filter>
    </ClCompile>
    <ClCompile Include="visualView\ctrl\chartBox.cpp">
      <Filter>visualView\ctrl</Filter>
    </ClCompile>
    <ClCompile Include="visualView\ctrl\chartBox_res.cpp">
      <Filter>visualView\ctrl</Filter>
    </ClCompile>
    <ClCompile Include="visualView\ctrl\checkbox.cpp">
      <Filter>visualView\ctrl</Filter>
    </ClCompile>
    <ClCompile Include="visualView\ctrl\checkbox_res.cpp">
      <Filter>visualView\ctrl</Filter>
    </ClCompile>
    <ClCompile Include="visualView\ctrl\checkboxEvent.cpp">
      <Filter>visualView\ctrl</Filter>
    </ClCompile>
    <ClCompile Include="visualView\ctrl\checkboxProperty.cpp">
      <Filter>visualView\ctrl</Filter>
    </ClCompile>
    <ClCompile Include="visualView\ctrl\choice.cpp">
      <Filter>visualView\ctrl</Filter>
    </ClCompile>
    <ClCompile Include="visualView\ctrl\combobox.cpp">
      <Filter>visualView\ctrl</Filter>
    </ClCompile>
    <ClCompile Include="visualView\ctrl\control.cpp">
      <Filter>visualView\ctrl</Filter>
    </ClCompile>
    <ClCompile Include="visualView\ctrl\controlProperty.cpp">
      <Filter>visualView\ctrl</Filter>
    </ClCompile>
    <ClCompile Include="visualView\ctrl\form.cpp">
      <Filter>visualView\ctrl</Filter>
    </ClCompile>
    <ClCompile Include="visualView\ctrl\form_res.cpp">
      <Filter>visualView\ctrl</Filter>
    </ClCompile>
    <ClCompile Include="visualView\ctrl\formAction.cpp">
      <Filter>visualView\ctrl</Filter>
    </ClCompile>
    <ClCompile Include="visualView\ctrl\formControl.cpp">
      <Filter>visualView\ctrl</Filter>
    </ClCompile>
    <ClCompile Include="visualView\ctrl\formVisualHost.cpp">
      <Filter>visualView\ctrl</Filter>
    </ClCompile>
    <ClCompile Include="visualView\ctrl\formFactory.cpp">
      <Filter>visualView\ctrl</Filter>
    </ClCompile>
    <ClCompile Include="visualView\ctrl\formMem.cpp">
      <Filter>visualView\ctrl</Filter>
    </ClCompile>
    <ClCompile Include="visualView\ctrl\formObject.cpp">
      <Filter>visualView\ctrl</Filter>
    </ClCompile>
    <ClCompile Include="visualView\ctrl\frame.cpp">
      <Filter>visualView\ctrl</Filter>
    </ClCompile>
    <ClCompile Include="visualView\ctrl\frameEvent.cpp">
      <Filter>visualView\ctrl</Filter>
    </ClCompile>
    <ClCompile Include="visualView\ctrl\frameID.cpp">
      <Filter>visualView\ctrl</Filter>
    </ClCompile>
    <ClCompile Include="visualView\ctrl\frameProperty.cpp">
      <Filter>visualView\ctrl</Filter>
    </ClCompile>
    <ClCompile Include="visualView\ctrl\gauge.cpp">
      <Filter>visualView\ctrl</Filter>
    </ClCompile>
    <ClCompile Include="visualView\ctrl\gauge_res.cpp">
      <Filter>visualView\ctrl</Filter>
    </ClCompile>
    <ClCompile Include="visualView\ctrl\gridBox.cpp">
      <Filter>visualView\ctrl</Filter>
    </ClCompile>
    <ClCompile Include="visualView\ctrl\gridBox_res.cpp">
      <Filter>visualView\ctrl</Filter>
    </ClCompile>
    <ClCompile Include="visualView\ctrl\gridsizer.cpp">
      <Filter>visualView\ctrl</Filter>
    </ClCompile>
    <ClCompile Include="visualView\ctrl\gridsizer_res.cpp">
      <Filter>visualView\ctrl</Filter>
    </ClCompile>
    <ClCompile Include="visualView\ctrl\htmlBox.cpp">
      <Filter>visualView\ctrl</Filter>
    </ClCompile>
    <ClCompile Include="visualView\ctrl\htmlBox_res.cpp">
      <Filter>visualView\ctrl</Filter>
    </ClCompile>
    <ClCompile Include="visualView\ctrl\itemsizer.cpp">
      <Filter>visualView\ctrl</Filter>
    </ClCompile>
    <ClCompile Include="visualView\ctrl\listbox.cpp">
      <Filter>visualView\ctrl</Filter>
    </ClCompile>
    <ClCompile Include="visualView\ctrl\notebook.cpp">
      <Filter>visualView\ctrl</Filter>
    </ClCompile>
    <ClCompile Include="visualView\ctrl\notebook_res.cpp">
      <Filter>visualView\ctrl</Filter>
    </ClCompile>
    <ClCompile Include="visualView\ctrl\notebookEvent.cpp">
      <Filter>visualView\ctrl</Filter>
    </ClCompile>
    <ClCompile Include="visualView\ctrl\notebookMenu.cpp">
      <Filter>visualView\ctrl</Filter>
    </ClCompile>
    <ClCompile Include="visualView\ctrl\notebookPage.cpp">
      <Filter>visualView\ctrl</Filter>
    </ClCompile>
    <ClCompile Include="visualView\ctrl\notebookPage_res.cpp">
      <Filter>visualView\ctrl</Filter>
    </ClCompile>
    <ClCompile Include="visualView\ctrl\radiobutton.cpp">
      <Filter>visualView\ctrl</Filter>
    </ClCompile>
    <ClCompile Include="visualView\ctrl\radiobutton_res.cpp">
      <Filter>visualView\ctrl</Filter>
    </ClCompile>
    <ClCompile Include="visualView\ctrl\sizer.cpp">
      <Filter>visualView\ctrl</Filter>
    </ClCompile>
    <ClCompile Include="visualView\ctrl\slider.cpp">
      <Filter>visualView\ctrl</Filter>
    </ClCompile>
    <ClCompile Include="visualView\ctrl\slider_res.cpp">
      <Filter>visualView\ctrl</Filter>
    </ClCompile>
    <ClCompile Include="visualView\ctrl\staticboxsizer.cpp">
      <Filter>visualView\ctrl</Filter>
    </ClCompile>
    <ClCompile Include="visualView\ctrl\staticboxsizer_res.cpp">
      <Filter>visualView\ctrl</Filter>
    </ClCompile>
    <ClCompile Include="visualView\ctrl\staticline.cpp">
      <Filter>visualView\ctrl</Filter>
    </ClCompile>
    <ClCompile Include="visualView\ctrl\staticline_res.cpp">
      <Filter>visualView\ctrl</Filter>
    </ClCompile>
    <ClCompile Include="visualView\ctrl\statictext.cpp">
      <Filter>visualView\ctrl</Filter>
    </ClCompile>
    <ClCompile Include="visualView\ctrl\statictext_res.cpp">
      <Filter>visualView\ctrl</Filter>
    </ClCompile>
    <ClCompile Include="visualView\ctrl\tableBox.cpp">
      <Filter>visualView\ctrl</Filter>
    </ClCompile>
    <ClCompile Include="visualView\ctrl\tableBox_res.cpp">
      <Filter>visualView\ctrl</Filter>
    </ClCompile>
    <ClCompile Include="visualView\ctrl\tableBoxAction.cpp">
      <Filter>visualView\ctrl</Filter>
    </ClCompile>
    <ClCompile Include="visualView\ctrl\tableBoxColumn.cpp">
      <Filter>visualView\ctrl</Filter>
    </ClCompile>
    <ClCompile Include="visualView\ctrl\tableBoxColumn_res.cpp">
      <Filter>visualView\ctrl</Filter>
    </ClCompile>
    <ClCompile Include="visualView\ctrl\tableBoxColumnEvent.cpp">
      <Filter>visualView\ctrl</Filter>
    </ClCompile>
    <ClCompile Include="visualView\ctrl\tableBoxColumnProperty.cpp">
      <Filter>visualView\ctrl</Filter>
    </ClCompile>
    <ClCompile Include="visualView\ctrl\tableBoxEvent.cpp">
      <Filter>visualView\ctrl</Filter>
    </ClCompile>
    <ClCompile Include="visualView\ctrl\tableBoxMenu.cpp">
      <Filter>visualView\ctrl</Filter>
    </ClCompile>
    <ClCompile Include="visualView\ctrl\tableBoxProperty.cpp">
      <Filter>visualView\ctrl</Filter>
    </ClCompile>
    <ClCompile Include="visualView\ctrl\textctrl.cpp">
      <Filter>visualView\ctrl</Filter>
    </ClCompile>
    <ClCompile Include="visualView\ctrl\textctrl_res.cpp">
      <Filter>visualView\ctrl</Filter>
    </ClCompile>
    <ClCompile Include="visualView\ctrl\textctrlEvent.cpp">
      <Filter>visualView\ctrl</Filter>
    </ClCompile>
    <ClCompile Include="visualView\ctrl\textctrlProperty.cpp">
      <Filter>visualView\ctrl</Filter>
    </ClCompile>
    <ClCompile Include="visualView\ctrl\toolBar.cpp">
      <Filter>visualView\ctrl</Filter>
    </ClCompile>
    <ClCompile Include="visualView\ctrl\toolBar_res.cpp">
      <Filter>visualView\ctrl</Filter>
    </ClCompile>
    <ClCompile Include="visualView\ctrl\toolBarAction.cpp">
      <Filter>visualView\ctrl</Filter>
    </ClCompile>
    <ClCompile Include="visualView\ctrl\toolBarEvent.cpp">
      <Filter>visualView\ctrl</Filter>
    </ClCompile>
    <ClCompile Include="visualView\ctrl\toolBarItem.cpp">
      <Filter>visualView\ctrl</Filter>
    </ClCompile>
    <ClCompile Include="visualView\ctrl\toolBarItem_res.cpp">
      <Filter>visualView\ctrl</Filter>
    </ClCompile>
    <ClCompile Include="visualView\ctrl\toolBarItemAction.cpp">
      <Filter>visualView\ctrl</Filter>
    </ClCompile>
    <ClCompile Include="visualView\ctrl\toolBarMenu.cpp">
      <Filter>visualView\ctrl</Filter>
    </ClCompile>
    <ClCompile Include="visualView\ctrl\toolBarProperty.cpp">
      <Filter>visualView\ctrl</Filter>
    </ClCompile>
    <ClCompile Include="visualView\ctrl\typeControl.cpp">
      <Filter>visualView\ctrl</Filter>
    </ClCompile>
    <ClCompile Include="visualView\ctrl\window.cpp">
      <Filter>visualView\ctrl</Filter>
    </ClCompile>
    <ClCompile Include="win\dlgs\connectionDB.cpp">
      <Filter>win\dlgs</Filter>
    </ClCompile>
    <ClCompile Include="win\dlgs\applyChange.cpp">
      <Filter>win\dlgs</Filter>
    </ClCompile>
    <ClCompile Include="win\ctrls\dynamicBorder.cpp">
      <Filter>win\ctrls</Filter>
    </ClCompile>
    <ClCompile Include="win\dlgs\formEditor.cpp">
      <Filter>win\dlgs</Filter>
    </ClCompile>
    <ClCompile Include="win\ctrls\grid\gridext.cpp">
      <Filter>win\ctrls\grid</Filter>
    </ClCompile>
    <ClCompile Include="win\ctrls\grid\gridextctrl.cpp">
      <Filter>win\ctrls\grid</Filter>
    </ClCompile>
    <ClCompile Include="win\ctrls\grid\gridexteditors.cpp">
      <Filter>win\ctrls\grid</Filter>
    </ClCompile>
    <ClCompile Include="win\ctrls\grid\gridextsel.cpp">
      <Filter>win\ctrls\grid</Filter>
    </ClCompile>
    <ClCompile Include="win\editor\gridEditor\gridPrintout.cpp">
      <Filter>win\editor\gridEditor</Filter>
    </ClCompile>
    <ClCompile Include="win\editor\gridEditor\gridProperty.cpp">
      <Filter>win\editor\gridEditor</Filter>
    </ClCompile>
    <ClCompile Include="win\editor\gridEditor\gridCellEditor.cpp">
      <Filter>win\editor\gridEditor</Filter>
    </ClCompile>
    <ClCompile Include="win\editor\gridEditor\gridEditor.cpp">
      <Filter>win\editor\gridEditor</Filter>
    </ClCompile>
    <ClCompile Include="win\editor\textEditor\textEditorPrintOut.cpp">
      <Filter>win\editor\textEditor</Filter>
    </ClCompile>
    <ClCompile Include="win\editor\textEditor\textEditor.cpp">
      <Filter>win\editor\textEditor</Filter>
    </ClCompile>
    <ClCompile Include="win\ctrls\controlTextEditor.cpp">
      <Filter>win\ctrls</Filter>
    </ClCompile>
    <ClCompile Include="win\ctrls\controlCheckboxEditor.cpp">
      <Filter>win\ctrls</Filter>
    </ClCompile>
    <ClCompile Include="win\ctrls\controlButton.cpp">
      <Filter>win\ctrls</Filter>
    </ClCompile>
    <ClCompile Include="win\ctrls\controlStaticText.cpp">
      <Filter>win\ctrls</Filter>
    </ClCompile>
    <ClCompile Include="docView\templates\docViewSpreadsheet.cpp">
      <Filter>docView\templates</Filter>
    </ClCompile>
    <ClCompile Include="docView\templates\docViewText.cpp">
      <Filter>docView\templates</Filter>
    </ClCompile>
    <ClCompile Include="docView\templates\docViewHelp.cpp">
      <Filter>docView\templates</Filter>
    </ClCompile>
    <ClCompile Include="docView\templates\docViewAuditLog.cpp">
      <Filter>docView\templates</Filter>
    </ClCompile>
    <ClCompile Include="win\editor\gridEditor\gridEditorDoc.cpp">
      <Filter>win\editor\gridEditor</Filter>
    </ClCompile>
    <ClCompile Include="win\editor\gridEditor\gridEditorClipbrd.cpp">
      <Filter>win\editor\gridEditor</Filter>
    </ClCompile>
    <ClCompile Include="visualView\controlEnum.cpp">
      <Filter>visualView</Filter>
    </ClCompile>
    <ClCompile Include="win\ctrls\dataview\datavgen.cpp">
      <Filter>win\ctrls\dataview</Filter>
    </ClCompile>
    <ClCompile Include="win\ctrls\dataview\datavgen.paged.cpp">
      <Filter>win\ctrls\dataview</Filter>
    </ClCompile>
    <ClCompile Include="win\ctrls\dataview\datavgen.scrollbar.cpp">
      <Filter>win\ctrls\dataview</Filter>
    </ClCompile>
    <ClCompile Include="win\ctrls\dataview\datavcmn.cpp">
      <Filter>win\ctrls\dataview</Filter>
    </ClCompile>
    <ClCompile Include="visualView\ctrl\tableBoxColumnRenderer.cpp">
      <Filter>visualView\ctrl</Filter>
    </ClCompile>
    <ClCompile Include="win\ctrls\dataview\headerctrlg.cpp">
      <Filter>win\ctrls\dataview</Filter>
    </ClCompile>
    <ClCompile Include="win\ctrls\dataview\headerctrlcmn.cpp">
      <Filter>win\ctrls\dataview</Filter>
    </ClCompile>
    <ClCompile Include="visualView\visualHostClientDocView.cpp">
      <Filter>visualView</Filter>
    </ClCompile>
    <ClCompile Include="visualView\ctrl\textBox_res.cpp">
      <Filter>visualView\ctrl</Filter>
    </ClCompile>
    <ClCompile Include="visualView\ctrl\textBox.cpp">
      <Filter>visualView\ctrl</Filter>
    </ClCompile>
    <ClCompile Include="propertyManager\propertyEditor.cpp">
      <Filter>propertyManager</Filter>
    </ClCompile>
    <ClCompile Include="propertyManager\property\advprop\advpropEvent.cpp">
      <Filter>propertyManager\property\advprop</Filter>
    </ClCompile>
    <ClCompile Include="propertyManager\property\advprop\advpropEventTool.cpp">
      <Filter>propertyManager\property\advprop</Filter>
    </ClCompile>
    <ClCompile Include="propertyManager\property\advprop\advpropFont.cpp">
      <Filter>propertyManager\property\advprop</Filter>
    </ClCompile>
    <ClCompile Include="propertyManager\property\advprop\advpropGeneration.cpp">
      <Filter>propertyManager\property\advprop</Filter>
    </ClCompile>
    <ClCompile Include="propertyManager\property\advprop\advpropHyperLink.cpp">
      <Filter>propertyManager\property\advprop</Filter>
    </ClCompile>
    <ClCompile Include="propertyManager\property\advprop\advpropList.cpp">
      <Filter>propertyManager\property\advprop</Filter>
    </ClCompile>
    <ClCompile Include="propertyManager\property\advprop\advpropNumber.cpp">
      <Filter>propertyManager\property\advprop</Filter>
    </ClCompile>
    <ClCompile Include="propertyManager\property\advprop\advpropOwner.cpp">
      <Filter>propertyManager\property\advprop</Filter>
    </ClCompile>
    <ClCompile Include="propertyManager\property\advprop\advpropPicture.cpp">
      <Filter>propertyManager\property\advprop</Filter>
    </ClCompile>
    <ClCompile Include="propertyManager\property\advprop\advpropPoint.cpp">
      <Filter>propertyManager\property\advprop</Filter>
    </ClCompile>
    <ClCompile Include="propertyManager\property\advprop\advpropRecord.cpp">
      <Filter>propertyManager\property\advprop</Filter>
    </ClCompile>
    <ClCompile Include="propertyManager\property\advprop\advpropSize.cpp">
      <Filter>propertyManager\property\advprop</Filter>
    </ClCompile>
    <ClCompile Include="propertyManager\property\advprop\advpropSource.cpp">
      <Filter>propertyManager\property\advprop</Filter>
    </ClCompile>
    <ClCompile Include="propertyManager\property\advprop\advpropString.cpp">
      <Filter>propertyManager\property\advprop</Filter>
    </ClCompile>
    <ClCompile Include="propertyManager\property\advprop\advpropType.cpp">
      <Filter>propertyManager\property\advprop</Filter>
    </ClCompile>
    <ClCompile Include="propertyManager\property\advprop\advpropDate.cpp">
      <Filter>propertyManager\property\advprop</Filter>
    </ClCompile>
    <ClCompile Include="propertyManager\property\advprop\advpropEnum.cpp">
      <Filter>propertyManager\property\advprop</Filter>
    </ClCompile>
    <ClCompile Include="propertyManager\property\advprop\advpropColour.cpp">
      <Filter>propertyManager\property\advprop</Filter>
    </ClCompile>
    <ClCompile Include="propertyManager\property\advprop\advpropModule.cpp">
      <Filter>propertyManager\property\advprop</Filter>
    </ClCompile>
    <ClCompile Include="propertyManager\property\advprop\advpropForm.cpp">
      <Filter>propertyManager\property\advprop</Filter>
    </ClCompile>
    <ClCompile Include="propertyManager\property\advprop\advpropSpreadsheet.cpp">
      <Filter>propertyManager\property\advprop</Filter>
    </ClCompile>
    <ClCompile Include="propertyManager\property\advprop\advpropBoolean.cpp">
      <Filter>propertyManager\property\advprop</Filter>
    </ClCompile>
    <ClCompile Include="propertyManager\property\advprop\advpropChartOfCharacteristicTypes.cpp">
      <Filter>propertyManager\property\advprop</Filter>
    </ClCompile>
    <ClCompile Include="propertyManager\property\advprop\advpropChartOfAccounts.cpp">
      <Filter>propertyManager\property\advprop</Filter>
    </ClCompile>
    <ClCompile Include="session\workerPoolGUI.cpp">
      <Filter>session</Filter>
    </ClCompile>
    <ClCompile Include="win\editor\codeEditor\codeEditor.cpp">
      <Filter>win\editor\codeEditor</Filter>
    </ClCompile>
    <ClCompile Include="win\editor\codeEditor\codeEditorInterpreter.cpp">
      <Filter>win\editor\codeEditor</Filter>
    </ClCompile>
    <ClCompile Include="win\editor\codeEditor\codeEditorInterpreterContext.cpp">
      <Filter>win\editor\codeEditor</Filter>
    </ClCompile>
    <ClCompile Include="win\editor\codeEditor\codeEditorLoader.cpp">
      <Filter>win\editor\codeEditor</Filter>
    </ClCompile>
    <ClCompile Include="win\editor\codeEditor\codeEditorParser.cpp">
      <Filter>win\editor\codeEditor</Filter>
    </ClCompile>
    <ClCompile Include="win\editor\codeEditor\codeEditorPrintOut.cpp">
      <Filter>win\editor\codeEditor</Filter>
    </ClCompile>
    <ClCompile Include="win\editor\codeEditor\components\autoComplete.cpp">
      <Filter>win\editor\codeEditor\components</Filter>
    </ClCompile>
    <ClCompile Include="win\editor\codeEditor\components\callTip.cpp">
      <Filter>win\editor\codeEditor\components</Filter>
    </ClCompile>
    <ClCompile Include="win\editor\codeEditor\components\helpers\listBoxVisualData.cpp">
      <Filter>win\editor\codeEditor\components\helpers</Filter>
    </ClCompile>
    <ClCompile Include="win\editor\codeEditor\components\helpers\listBoxWnd.cpp">
      <Filter>win\editor\codeEditor\components\helpers</Filter>
    </ClCompile>
    <ClCompile Include="win\editor\codeEditor\components\helpers\popupWnd.cpp">
      <Filter>win\editor\codeEditor\components\helpers</Filter>
    </ClCompile>
    <ClCompile Include="win\dlgs\functionSearcher\functionSearcher.cpp">
      <Filter>win\dlgs\functionSearcher</Filter>
    </ClCompile>
    <ClCompile Include="win\dlgs\lineInput\lineInput.cpp">
      <Filter>win\dlgs\lineInput</Filter>
    </ClCompile>
  </ItemGroup>
  <ItemGroup>
    <ClInclude Include="syntaxHelper\helpChooserDialog.h">
      <Filter>syntaxHelper</Filter>
    </ClInclude>
    <ClInclude Include="syntaxHelper\helpDetailView.h">
      <Filter>syntaxHelper</Filter>
    </ClInclude>
    <ClInclude Include="syntaxHelper\helpDragSource.h">
      <Filter>syntaxHelper</Filter>
    </ClInclude>
    <ClInclude Include="syntaxHelper\helpIndexView.h">
      <Filter>syntaxHelper</Filter>
    </ClInclude>
    <ClInclude Include="syntaxHelper\helpPaneView.h">
      <Filter>syntaxHelper</Filter>
    </ClInclude>
    <ClInclude Include="syntaxHelper\helpSearchView.h">
      <Filter>syntaxHelper</Filter>
    </ClInclude>
    <ClInclude Include="syntaxHelper\helpTreeView.h">
      <Filter>syntaxHelper</Filter>
    </ClInclude>
    <ClInclude Include="mainFrame\mainFrame.h">
      <Filter>mainFrame</Filter>
    </ClInclude>
    <ClInclude Include="mainFrame\mainFrameChild.h">
      <Filter>mainFrame</Filter>
    </ClInclude>
    <ClInclude Include="mainFrame\objinspect\objinspect.h">
      <Filter>mainFrame\objinspect</Filter>
    </ClInclude>
    <ClInclude Include="win\dlgs\userItem.h">
      <Filter>win\dlgs</Filter>
    </ClInclude>
    <ClInclude Include="win\dlgs\userList.h">
      <Filter>win\dlgs</Filter>
    </ClInclude>
    <ClInclude Include="win\dlgs\selectData.h">
      <Filter>win\dlgs</Filter>
    </ClInclude>
    <ClInclude Include="win\dlgs\rowHeight.h">
      <Filter>win\dlgs</Filter>
    </ClInclude>
    <ClInclude Include="win\dlgs\generation.h">
      <Filter>win\dlgs</Filter>
    </ClInclude>
    <ClInclude Include="win\dlgs\errorDialog.h">
      <Filter>win\dlgs</Filter>
    </ClInclude>
    <ClInclude Include="win\dlgs\colHeight.h">
      <Filter>win\dlgs</Filter>
    </ClInclude>
    <ClInclude Include="win\dlgs\authorization.h">
      <Filter>win\dlgs</Filter>
    </ClInclude>
    <ClInclude Include="session\guiSession.h">
      <Filter>session</Filter>
    </ClInclude>
    <ClInclude Include="win\dlgs\activeUser.h">
      <Filter>win\dlgs</Filter>
    </ClInclude>
    <ClInclude Include="win\dlgs\about.h">
      <Filter>win\dlgs</Filter>
    </ClInclude>
    <ClInclude Include="docView\docView.h">
      <Filter>docView</Filter>
    </ClInclude>
    <ClInclude Include="win\ctrls\checktree.h">
      <Filter>win\ctrls</Filter>
    </ClInclude>
    <ClInclude Include="win\ctrls\tableView.h">
      <Filter>win\ctrls</Filter>
    </ClInclude>
    <ClInclude Include="win\ctrls\dynamicBorder.h">
      <Filter>win\ctrls</Filter>
    </ClInclude>
    <ClInclude Include="win\ctrls\floatingNotebook.h">
      <Filter>win\ctrls</Filter>
    </ClInclude>
    <ClInclude Include="win\ctrls\toolBar.h">
      <Filter>win\ctrls</Filter>
    </ClInclude>
    <ClInclude Include="win\ctrls\treelistctrl.h">
      <Filter>win\ctrls</Filter>
    </ClInclude>
    <ClInclude Include="win\dlgs\formSelector\formSelector.h">
      <Filter>win\dlgs\formSelector</Filter>
    </ClInclude>
    <ClInclude Include="diagnostics\oesApp.h">
      <Filter>diagnostics</Filter>
    </ClInclude>
    <ClInclude Include="diagnostics\oesConsole.h">
      <Filter>diagnostics</Filter>
    </ClInclude>
    <ClInclude Include="frontend.h" />
    <ClInclude Include="visualView\controlCtor.h">
      <Filter>visualView</Filter>
    </ClInclude>
    <ClInclude Include="visualView\pageWindow.h">
      <Filter>visualView</Filter>
    </ClInclude>
    <ClInclude Include="visualView\visualHostClient.h">
      <Filter>visualView</Filter>
    </ClInclude>
    <ClInclude Include="visualView\visualHost.h">
      <Filter>visualView</Filter>
    </ClInclude>
    <ClInclude Include="win\theme\luna_dockart.h">
      <Filter>win\theme</Filter>
    </ClInclude>
    <ClInclude Include="win\theme\luna_tabart.h">
      <Filter>win\theme</Filter>
    </ClInclude>
    <ClInclude Include="win\theme\luna_toolbarart.h">
      <Filter>win\theme</Filter>
    </ClInclude>
    <ClInclude Include="mainFrame\settings\editorsettings.h">
      <Filter>mainFrame\settings</Filter>
    </ClInclude>
    <ClInclude Include="mainFrame\settings\editorsettingspanel.h">
      <Filter>mainFrame\settings</Filter>
    </ClInclude>
    <ClInclude Include="mainFrame\settings\fontcolorsettings.h">
      <Filter>mainFrame\settings</Filter>
    </ClInclude>
    <ClInclude Include="mainFrame\settings\fontcolorsettingspanel.h">
      <Filter>mainFrame\settings</Filter>
    </ClInclude>
    <ClInclude Include="mainFrame\settings\keybinder.h">
      <Filter>mainFrame\settings</Filter>
    </ClInclude>
    <ClInclude Include="mainFrame\settings\keybinderdialog.h">
      <Filter>mainFrame\settings</Filter>
    </ClInclude>
    <ClInclude Include="mainFrame\settings\keymonitortextctrl.h">
      <Filter>mainFrame\settings</Filter>
    </ClInclude>
    <ClInclude Include="mainFrame\settings\settingsdialog.h">
      <Filter>mainFrame\settings</Filter>
    </ClInclude>
    <ClInclude Include="mainFrame\settings\showhelpevent.h">
      <Filter>mainFrame\settings</Filter>
    </ClInclude>
    <ClInclude Include="mainFrame\settings\statictextex.h">
      <Filter>mainFrame\settings</Filter>
    </ClInclude>
    <ClInclude Include="mainFrame\settings\stlutility.h">
      <Filter>mainFrame\settings</Filter>
    </ClInclude>
    <ClInclude Include="mainFrame\settings\xmlutility.h">
      <Filter>mainFrame\settings</Filter>
    </ClInclude>
    <ClInclude Include="win\ctrls\charts\wxareachartctrl.h">
      <Filter>win\ctrls\charts</Filter>
    </ClInclude>
    <ClInclude Include="win\ctrls\charts\wxareachartdatasetoptions.h">
      <Filter>win\ctrls\charts</Filter>
    </ClInclude>
    <ClInclude Include="win\ctrls\charts\wxareachartoptions.h">
      <Filter>win\ctrls\charts</Filter>
    </ClInclude>
    <ClInclude Include="win\ctrls\charts\wxbarchart.h">
      <Filter>win\ctrls\charts</Filter>
    </ClInclude>
    <ClInclude Include="win\ctrls\charts\wxbarchartctrl.h">
      <Filter>win\ctrls\charts</Filter>
    </ClInclude>
    <ClInclude Include="win\ctrls\charts\wxbarchartdatasetoptions.h">
      <Filter>win\ctrls\charts</Filter>
    </ClInclude>
    <ClInclude Include="win\ctrls\charts\wxbarchartoptions.h">
      <Filter>win\ctrls\charts</Filter>
    </ClInclude>
    <ClInclude Include="win\ctrls\charts\wxboxplot.h">
      <Filter>win\ctrls\charts</Filter>
    </ClInclude>
    <ClInclude Include="win\ctrls\charts\wxboxplotctrl.h">
      <Filter>win\ctrls\charts</Filter>
    </ClInclude>
    <ClInclude Include="win\ctrls\charts\wxboxplotdatasetoptions.h">
      <Filter>win\ctrls\charts</Filter>
    </ClInclude>
    <ClInclude Include="win\ctrls\charts\wxboxplotoptions.h">
      <Filter>win\ctrls\charts</Filter>
    </ClInclude>
    <ClInclude Include="win\ctrls\charts\wxbubblechart.h">
      <Filter>win\ctrls\charts</Filter>
    </ClInclude>
    <ClInclude Include="win\ctrls\charts\wxbubblechartctrl.h">
      <Filter>win\ctrls\charts</Filter>
    </ClInclude>
    <ClInclude Include="win\ctrls\charts\wxbubblechartoptions.h">
      <Filter>win\ctrls\charts</Filter>
    </ClInclude>
    <ClInclude Include="win\ctrls\charts\wxcandlestickchart.h">
      <Filter>win\ctrls\charts</Filter>
    </ClInclude>
    <ClInclude Include="win\ctrls\charts\wxcandlestickchartctrl.h">
      <Filter>win\ctrls\charts</Filter>
    </ClInclude>
    <ClInclude Include="win\ctrls\charts\wxcandlestickchartoptions.h">
      <Filter>win\ctrls\charts</Filter>
    </ClInclude>
    <ClInclude Include="win\ctrls\charts\wxchart.h">
      <Filter>win\ctrls\charts</Filter>
    </ClInclude>
    <ClInclude Include="win\ctrls\charts\wxchartbackground.h">
      <Filter>win\ctrls\charts</Filter>
    </ClInclude>
    <ClInclude Include="win\ctrls\charts\wxchartbackgroundoptions.h">
      <Filter>win\ctrls\charts</Filter>
    </ClInclude>
    <ClInclude Include="win\ctrls\charts\wxchartcommonoptions.h">
      <Filter>win\ctrls\charts</Filter>
    </ClInclude>
    <ClInclude Include="win\ctrls\charts\wxchartctrl.h">
      <Filter>win\ctrls\charts</Filter>
    </ClInclude>
    <ClInclude Include="win\ctrls\charts\wxchartfontoptions.h">
      <Filter>win\ctrls\charts</Filter>
    </ClInclude>
    <ClInclude Include="win\ctrls\charts\wxchartmultitooltip.h">
      <Filter>win\ctrls\charts</Filter>
    </ClInclude>
    <ClInclude Include="win\ctrls\charts\wxchartmultitooltipoptions.h">
      <Filter>win\ctrls\charts</Filter>
    </ClInclude>
    <ClInclude Include="win\ctrls\charts\wxchartobservers.h">
      <Filter>win\ctrls\charts</Filter>
    </ClInclude>
    <ClInclude Include="win\ctrls\charts\wxchartoptions.h">
      <Filter>win\ctrls\charts</Filter>
    </ClInclude>
    <ClInclude Include="win\ctrls\charts\wxchartpadding.h">
      <Filter>win\ctrls\charts</Filter>
    </ClInclude>
    <ClInclude Include="win\ctrls\charts\wxcharts.h">
      <Filter>win\ctrls\charts</Filter>
    </ClInclude>
    <ClInclude Include="win\ctrls\charts\wxchartsarc.h">
      <Filter>win\ctrls\charts</Filter>
    </ClInclude>
    <ClInclude Include="win\ctrls\charts\wxchartsarcoptions.h">
      <Filter>win\ctrls\charts</Filter>
    </ClInclude>
    <ClInclude Include="win\ctrls\charts\wxchartsaxis.h">
      <Filter>win\ctrls\charts</Filter>
    </ClInclude>
    <ClInclude Include="win\ctrls\charts\wxchartsaxisoptions.h">
      <Filter>win\ctrls\charts</Filter>
    </ClInclude>
    <ClInclude Include="win\ctrls\charts\wxchartsbrushoptions.h">
      <Filter>win\ctrls\charts</Filter>
    </ClInclude>
    <ClInclude Include="win\ctrls\charts\wxchartscategoricalaxis.h">
      <Filter>win\ctrls\charts</Filter>
    </ClInclude>
    <ClInclude Include="win\ctrls\charts\wxchartscategoricaldata.h">
      <Filter>win\ctrls\charts</Filter>
    </ClInclude>
    <ClInclude Include="win\ctrls\charts\wxchartscategoricaldataobserver.h">
      <Filter>win\ctrls\charts</Filter>
    </ClInclude>
    <ClInclude Include="win\ctrls\charts\wxchartscircle.h">
      <Filter>win\ctrls\charts</Filter>
    </ClInclude>
    <ClInclude Include="win\ctrls\charts\wxchartscircleoptions.h">
      <Filter>win\ctrls\charts</Filter>
    </ClInclude>
    <ClInclude Include="win\ctrls\charts\wxchartsdataset.h">
      <Filter>win\ctrls\charts</Filter>
    </ClInclude>
    <ClInclude Include="win\ctrls\charts\wxchartsdatasetid.h">
      <Filter>win\ctrls\charts</Filter>
    </ClInclude>
    <ClInclude Include="win\ctrls\charts\wxchartsdatasettheme.h">
      <Filter>win\ctrls\charts</Filter>
    </ClInclude>
    <ClInclude Include="win\ctrls\charts\wxchartsdoubledataset.h">
      <Filter>win\ctrls\charts</Filter>
    </ClInclude>
    <ClInclude Include="win\ctrls\charts\wxchartselement.h">
      <Filter>win\ctrls\charts</Filter>
    </ClInclude>
    <ClInclude Include="win\ctrls\charts\wxchartsgrid.h">
      <Filter>win\ctrls\charts</Filter>
    </ClInclude>
    <ClInclude Include="win\ctrls\charts\wxchartsgridmapping.h">
      <Filter>win\ctrls\charts</Filter>
    </ClInclude>
    <ClInclude Include="win\ctrls\charts\wxchartsgridoptions.h">
      <Filter>win\ctrls\charts</Filter>
    </ClInclude>
    <ClInclude Include="win\ctrls\charts\wxchartslabel.h">
      <Filter>win\ctrls\charts</Filter>
    </ClInclude>
    <ClInclude Include="win\ctrls\charts\wxchartslabelgroup.h">
      <Filter>win\ctrls\charts</Filter>
    </ClInclude>
    <ClInclude Include="win\ctrls\charts\wxchartslabeloptions.h">
      <Filter>win\ctrls\charts</Filter>
    </ClInclude>
    <ClInclude Include="win\ctrls\charts\wxchartslegendctrl.h">
      <Filter>win\ctrls\charts</Filter>
    </ClInclude>
    <ClInclude Include="win\ctrls\charts\wxchartslegenditem.h">
      <Filter>win\ctrls\charts</Filter>
    </ClInclude>
    <ClInclude Include="win\ctrls\charts\wxchartslegendline.h">
      <Filter>win\ctrls\charts</Filter>
    </ClInclude>
    <ClInclude Include="win\ctrls\charts\wxchartslegendlineoptions.h">
      <Filter>win\ctrls\charts</Filter>
    </ClInclude>
    <ClInclude Include="win\ctrls\charts\wxchartslegendoptions.h">
      <Filter>win\ctrls\charts</Filter>
    </ClInclude>
    <ClInclude Include="win\ctrls\charts\wxchartslicedata.h">
      <Filter>win\ctrls\charts</Filter>
    </ClInclude>
    <ClInclude Include="win\ctrls\charts\wxchartsnumericalaxis.h">
      <Filter>win\ctrls\charts</Filter>
    </ClInclude>
    <ClInclude Include="win\ctrls\charts\wxchartsohlcdata.h">
      <Filter>win\ctrls\charts</Filter>
    </ClInclude>
    <ClInclude Include="win\ctrls\charts\wxchartspenoptions.h">
      <Filter>win\ctrls\charts</Filter>
    </ClInclude>
    <ClInclude Include="win\ctrls\charts\wxchartspoint.h">
      <Filter>win\ctrls\charts</Filter>
    </ClInclude>
    <ClInclude Include="win\ctrls\charts\wxchartspointoptions.h">
      <Filter>win\ctrls\charts</Filter>
    </ClInclude>
    <ClInclude Include="win\ctrls\charts\wxchartsprecisiontheme.h">
      <Filter>win\ctrls\charts</Filter>
    </ClInclude>
    <ClInclude Include="win\ctrls\charts\wxchartspresentationtheme.h">
      <Filter>win\ctrls\charts</Filter>
    </ClInclude>
    <ClInclude Include="win\ctrls\charts\wxchartsradialgrid.h">
      <Filter>win\ctrls\charts</Filter>
    </ClInclude>
    <ClInclude Include="win\ctrls\charts\wxchartsradialgridoptions.h">
      <Filter>win\ctrls\charts</Filter>
    </ClInclude>
    <ClInclude Include="win\ctrls\charts\wxchartsrectangle.h">
      <Filter>win\ctrls\charts</Filter>
    </ClInclude>
    <ClInclude Include="win\ctrls\charts\wxchartsrectangleoptions.h">
      <Filter>win\ctrls\charts</Filter>
    </ClInclude>
    <ClInclude Include="win\ctrls\charts\wxchartstheme.h">
      <Filter>win\ctrls\charts</Filter>
    </ClInclude>
    <ClInclude Include="win\ctrls\charts\wxchartsthemefactory.h">
      <Filter>win\ctrls\charts</Filter>
    </ClInclude>
    <ClInclude Include="win\ctrls\charts\wxchartsthemeid.h">
      <Filter>win\ctrls\charts</Filter>
    </ClInclude>
    <ClInclude Include="win\ctrls\charts\wxchartstimeaxis.h">
      <Filter>win\ctrls\charts</Filter>
    </ClInclude>
    <ClInclude Include="win\ctrls\charts\wxchartsutilities.h">
      <Filter>win\ctrls\charts</Filter>
    </ClInclude>
    <ClInclude Include="win\ctrls\charts\wxcharttooltip.h">
      <Filter>win\ctrls\charts</Filter>
    </ClInclude>
    <ClInclude Include="win\ctrls\charts\wxcharttooltipoptions.h">
      <Filter>win\ctrls\charts</Filter>
    </ClInclude>
    <ClInclude Include="win\ctrls\charts\wxcharttooltipprovider.h">
      <Filter>win\ctrls\charts</Filter>
    </ClInclude>
    <ClInclude Include="win\ctrls\charts\wxcolumnchart.h">
      <Filter>win\ctrls\charts</Filter>
    </ClInclude>
    <ClInclude Include="win\ctrls\charts\wxcolumnchartctrl.h">
      <Filter>win\ctrls\charts</Filter>
    </ClInclude>
    <ClInclude Include="win\ctrls\charts\wxcolumnchartdatasetoptions.h">
      <Filter>win\ctrls\charts</Filter>
    </ClInclude>
    <ClInclude Include="win\ctrls\charts\wxcolumnchartoptions.h">
      <Filter>win\ctrls\charts</Filter>
    </ClInclude>
    <ClInclude Include="win\ctrls\charts\wxcombinationchart.h">
      <Filter>win\ctrls\charts</Filter>
    </ClInclude>
    <ClInclude Include="win\ctrls\charts\wxcombinationchartctrl.h">
      <Filter>win\ctrls\charts</Filter>
    </ClInclude>
    <ClInclude Include="win\ctrls\charts\wxcombinationchartoptions.h">
      <Filter>win\ctrls\charts</Filter>
    </ClInclude>
    <ClInclude Include="win\ctrls\charts\wxdoughnutandpiechartbase.h">
      <Filter>win\ctrls\charts</Filter>
    </ClInclude>
    <ClInclude Include="win\ctrls\charts\wxdoughnutandpiechartoptionsbase.h">
      <Filter>win\ctrls\charts</Filter>
    </ClInclude>
    <ClInclude Include="win\ctrls\charts\wxdoughnutchart.h">
      <Filter>win\ctrls\charts</Filter>
    </ClInclude>
    <ClInclude Include="win\ctrls\charts\wxdoughnutchartctrl.h">
      <Filter>win\ctrls\charts</Filter>
    </ClInclude>
    <ClInclude Include="win\ctrls\charts\wxdoughnutchartoptions.h">
      <Filter>win\ctrls\charts</Filter>
    </ClInclude>
    <ClInclude Include="win\ctrls\charts\wxhistogram.h">
      <Filter>win\ctrls\charts</Filter>
    </ClInclude>
    <ClInclude Include="win\ctrls\charts\wxhistogramctrl.h">
      <Filter>win\ctrls\charts</Filter>
    </ClInclude>
    <ClInclude Include="win\ctrls\charts\wxhistogramoptions.h">
      <Filter>win\ctrls\charts</Filter>
    </ClInclude>
    <ClInclude Include="win\ctrls\charts\wxlinechart.h">
      <Filter>win\ctrls\charts</Filter>
    </ClInclude>
    <ClInclude Include="win\ctrls\charts\wxlinechartctrl.h">
      <Filter>win\ctrls\charts</Filter>
    </ClInclude>
    <ClInclude Include="win\ctrls\charts\wxlinechartdatasetoptions.h">
      <Filter>win\ctrls\charts</Filter>
    </ClInclude>
    <ClInclude Include="win\ctrls\charts\wxlinechartoptions.h">
      <Filter>win\ctrls\charts</Filter>
    </ClInclude>
    <ClInclude Include="win\ctrls\charts\wxmath2dplot.h">
      <Filter>win\ctrls\charts</Filter>
    </ClInclude>
    <ClInclude Include="win\ctrls\charts\wxmath2dplotctrl.h">
      <Filter>win\ctrls\charts</Filter>
    </ClInclude>
    <ClInclude Include="win\ctrls\charts\wxmath2dplotoptions.h">
      <Filter>win\ctrls\charts</Filter>
    </ClInclude>
    <ClInclude Include="win\ctrls\charts\wxohlcchart.h">
      <Filter>win\ctrls\charts</Filter>
    </ClInclude>
    <ClInclude Include="win\ctrls\charts\wxohlcchartctrl.h">
      <Filter>win\ctrls\charts</Filter>
    </ClInclude>
    <ClInclude Include="win\ctrls\charts\wxohlcchartoptions.h">
      <Filter>win\ctrls\charts</Filter>
    </ClInclude>
    <ClInclude Include="win\ctrls\charts\wxpiechart.h">
      <Filter>win\ctrls\charts</Filter>
    </ClInclude>
    <ClInclude Include="win\ctrls\charts\wxpiechartctrl.h">
      <Filter>win\ctrls\charts</Filter>
    </ClInclude>
    <ClInclude Include="win\ctrls\charts\wxpiechartoptions.h">
      <Filter>win\ctrls\charts</Filter>
    </ClInclude>
    <ClInclude Include="win\ctrls\charts\wxpolarareachart.h">
      <Filter>win\ctrls\charts</Filter>
    </ClInclude>
    <ClInclude Include="win\ctrls\charts\wxpolarareachartctrl.h">
      <Filter>win\ctrls\charts</Filter>
    </ClInclude>
    <ClInclude Include="win\ctrls\charts\wxpolarareachartoptions.h">
      <Filter>win\ctrls\charts</Filter>
    </ClInclude>
    <ClInclude Include="win\ctrls\charts\wxradarchart.h">
      <Filter>win\ctrls\charts</Filter>
    </ClInclude>
    <ClInclude Include="win\ctrls\charts\wxradarchartctrl.h">
      <Filter>win\ctrls\charts</Filter>
    </ClInclude>
    <ClInclude Include="win\ctrls\charts\wxradarchartoptions.h">
      <Filter>win\ctrls\charts</Filter>
    </ClInclude>
    <ClInclude Include="win\ctrls\charts\wxscatterplot.h">
      <Filter>win\ctrls\charts</Filter>
    </ClInclude>
    <ClInclude Include="win\ctrls\charts\wxscatterplotctrl.h">
      <Filter>win\ctrls\charts</Filter>
    </ClInclude>
    <ClInclude Include="win\ctrls\charts\wxscatterplotoptions.h">
      <Filter>win\ctrls\charts</Filter>
    </ClInclude>
    <ClInclude Include="win\ctrls\charts\wxstackedbarchart.h">
      <Filter>win\ctrls\charts</Filter>
    </ClInclude>
    <ClInclude Include="win\ctrls\charts\wxstackedbarchartctrl.h">
      <Filter>win\ctrls\charts</Filter>
    </ClInclude>
    <ClInclude Include="win\ctrls\charts\wxstackedbarchartdatasetoptions.h">
      <Filter>win\ctrls\charts</Filter>
    </ClInclude>
    <ClInclude Include="win\ctrls\charts\wxstackedbarchartoptions.h">
      <Filter>win\ctrls\charts</Filter>
    </ClInclude>
    <ClInclude Include="win\ctrls\charts\wxstackedcolumnchart.h">
      <Filter>win\ctrls\charts</Filter>
    </ClInclude>
    <ClInclude Include="win\ctrls\charts\wxstackedcolumnchartctrl.h">
      <Filter>win\ctrls\charts</Filter>
    </ClInclude>
    <ClInclude Include="win\ctrls\charts\wxstackedcolumnchartdatasetoptions.h">
      <Filter>win\ctrls\charts</Filter>
    </ClInclude>
    <ClInclude Include="win\ctrls\charts\wxstackedcolumnchartoptions.h">
      <Filter>win\ctrls\charts</Filter>
    </ClInclude>
    <ClInclude Include="win\ctrls\charts\wxtimeserieschart.h">
      <Filter>win\ctrls\charts</Filter>
    </ClInclude>
    <ClInclude Include="win\ctrls\charts\wxtimeserieschartctrl.h">
      <Filter>win\ctrls\charts</Filter>
    </ClInclude>
    <ClInclude Include="win\ctrls\charts\wxtimeserieschartoptions.h">
      <Filter>win\ctrls\charts</Filter>
    </ClInclude>
    <ClInclude Include="win\ctrls\charts\wxareachart.h">
      <Filter>win\ctrls\charts</Filter>
    </ClInclude>
    <ClInclude Include="artProvider\artProvider.h">
      <Filter>artProvider</Filter>
    </ClInclude>
    <ClInclude Include="visualView\formdefs.h">
      <Filter>visualView</Filter>
    </ClInclude>
    <ClInclude Include="visualView\ctrl\window.h">
      <Filter>visualView\ctrl</Filter>
    </ClInclude>
    <ClInclude Include="visualView\ctrl\chartBox.h">
      <Filter>visualView\ctrl</Filter>
    </ClInclude>
    <ClInclude Include="visualView\ctrl\control.h">
      <Filter>visualView\ctrl</Filter>
    </ClInclude>
    <ClInclude Include="visualView\ctrl\form.h">
      <Filter>visualView\ctrl</Filter>
    </ClInclude>
    <ClInclude Include="visualView\ctrl\frame.h">
      <Filter>visualView\ctrl</Filter>
    </ClInclude>
    <ClInclude Include="visualView\ctrl\gridBox.h">
      <Filter>visualView\ctrl</Filter>
    </ClInclude>
    <ClInclude Include="visualView\ctrl\htmlBox.h">
      <Filter>visualView\ctrl</Filter>
    </ClInclude>
    <ClInclude Include="visualView\ctrl\notebook.h">
      <Filter>visualView\ctrl</Filter>
    </ClInclude>
    <ClInclude Include="visualView\ctrl\sizer.h">
      <Filter>visualView\ctrl</Filter>
    </ClInclude>
    <ClInclude Include="visualView\ctrl\tableBox.h">
      <Filter>visualView\ctrl</Filter>
    </ClInclude>
    <ClInclude Include="visualView\ctrl\toolBar.h">
      <Filter>visualView\ctrl</Filter>
    </ClInclude>
    <ClInclude Include="visualView\ctrl\typeControl.h">
      <Filter>visualView\ctrl</Filter>
    </ClInclude>
    <ClInclude Include="visualView\ctrl\widgets.h">
      <Filter>visualView\ctrl</Filter>
    </ClInclude>
    <ClInclude Include="win\dlgs\connectionDB.h">
      <Filter>win\dlgs</Filter>
    </ClInclude>
    <ClInclude Include="win\dlgs\applyChange.h">
      <Filter>win\dlgs</Filter>
    </ClInclude>
    <ClInclude Include="win\dlgs\formEditor.h">
      <Filter>win\dlgs</Filter>
    </ClInclude>
    <ClInclude Include="window_ptr.h" />
    <ClInclude Include="artProvider\private\picturePredefined.h">
      <Filter>artProvider\private</Filter>
    </ClInclude>
    <ClInclude Include="res\resource.h">
      <Filter>res</Filter>
    </ClInclude>
    <ClInclude Include="win\ctrls\grid\gridext.h">
      <Filter>win\ctrls\grid</Filter>
    </ClInclude>
    <ClInclude Include="win\ctrls\grid\gridextctrl.h">
      <Filter>win\ctrls\grid</Filter>
    </ClInclude>
    <ClInclude Include="win\ctrls\grid\gridexteditors.h">
      <Filter>win\ctrls\grid</Filter>
    </ClInclude>
    <ClInclude Include="win\ctrls\grid\gridextprivate.h">
      <Filter>win\ctrls\grid</Filter>
    </ClInclude>
    <ClInclude Include="win\ctrls\grid\gridextsel.h">
      <Filter>win\ctrls\grid</Filter>
    </ClInclude>
    <ClInclude Include="win\editor\gridEditor\gridPrintout.h">
      <Filter>win\editor\gridEditor</Filter>
    </ClInclude>
    <ClInclude Include="win\editor\gridEditor\gridEditor.h">
      <Filter>win\editor\gridEditor</Filter>
    </ClInclude>
    <ClInclude Include="win\editor\textEditor\textEditor.h">
      <Filter>win\editor\textEditor</Filter>
    </ClInclude>
    <ClInclude Include="win\editor\textEditor\textEditorPrintOut.h">
      <Filter>win\editor\textEditor</Filter>
    </ClInclude>
    <ClInclude Include="win\ctrls\controlTextEditor.h">
      <Filter>win\ctrls</Filter>
    </ClInclude>
    <ClInclude Include="win\ctrls\controlCheckboxEditor.h">
      <Filter>win\ctrls</Filter>
    </ClInclude>
    <ClInclude Include="win\ctrls\controlButton.h">
      <Filter>win\ctrls</Filter>
    </ClInclude>
    <ClInclude Include="win\ctrls\controlStaticText.h">
      <Filter>win\ctrls</Filter>
    </ClInclude>
    <ClInclude Include="docView\templates\docViewSpreadsheet.h">
      <Filter>docView\templates</Filter>
    </ClInclude>
    <ClInclude Include="docView\templates\docViewText.h">
      <Filter>docView\templates</Filter>
    </ClInclude>
    <ClInclude Include="docView\templates\docViewHelp.h">
      <Filter>docView\templates</Filter>
    </ClInclude>
    <ClInclude Include="docView\templates\docViewAuditLog.h">
      <Filter>docView\templates</Filter>
    </ClInclude>
    <ClInclude Include="win\dlgs\choiceTemplate.h">
      <Filter>win\dlgs</Filter>
    </ClInclude>
    <ClInclude Include="visualView\controlEnum.h">
      <Filter>visualView</Filter>
    </ClInclude>
    <ClInclude Include="win\ctrls\dataview\dataview.h">
      <Filter>win\ctrls\dataview</Filter>
    </ClInclude>
    <ClInclude Include="win\ctrls\dataview\datavgen.h">
      <Filter>win\ctrls\dataview</Filter>
    </ClInclude>
    <ClInclude Include="win\ctrls\dataview\dvrenderers.h">
      <Filter>win\ctrls\dataview</Filter>
    </ClInclude>
    <ClInclude Include="visualView\ctrl\tableBoxColumnRenderer.h">
      <Filter>visualView\ctrl</Filter>
    </ClInclude>
    <ClInclude Include="win\dlgs\filterDataView.h">
      <Filter>win\dlgs</Filter>
    </ClInclude>
    <ClInclude Include="win\ctrls\dataview\headerctrlg.h">
      <Filter>win\ctrls\dataview</Filter>
    </ClInclude>
    <ClInclude Include="visualView\ctrl\textBox.h">
      <Filter>visualView\ctrl</Filter>
    </ClInclude>
    <ClInclude Include="propertyManager\propertyEditor.h">
      <Filter>propertyManager</Filter>
    </ClInclude>
    <ClInclude Include="propertyManager\property\private\prop.h">
      <Filter>propertyManager\property\private</Filter>
    </ClInclude>
    <ClInclude Include="propertyManager\property\advprop\advpropEvent.h">
      <Filter>propertyManager\property\advprop</Filter>
    </ClInclude>
    <ClInclude Include="propertyManager\property\advprop\advpropEventTool.h">
      <Filter>propertyManager\property\advprop</Filter>
    </ClInclude>
    <ClInclude Include="propertyManager\property\advprop\advpropFont.h">
      <Filter>propertyManager\property\advprop</Filter>
    </ClInclude>
    <ClInclude Include="propertyManager\property\advprop\advpropGeneration.h">
      <Filter>propertyManager\property\advprop</Filter>
    </ClInclude>
    <ClInclude Include="propertyManager\property\advprop\advpropHyperLink.h">
      <Filter>propertyManager\property\advprop</Filter>
    </ClInclude>
    <ClInclude Include="propertyManager\property\advprop\advpropList.h">
      <Filter>propertyManager\property\advprop</Filter>
    </ClInclude>
    <ClInclude Include="propertyManager\property\advprop\advpropNumber.h">
      <Filter>propertyManager\property\advprop</Filter>
    </ClInclude>
    <ClInclude Include="propertyManager\property\advprop\advpropOwner.h">
      <Filter>propertyManager\property\advprop</Filter>
    </ClInclude>
    <ClInclude Include="propertyManager\property\advprop\advpropPicture.h">
      <Filter>propertyManager\property\advprop</Filter>
    </ClInclude>
    <ClInclude Include="propertyManager\property\advprop\advpropPoint.h">
      <Filter>propertyManager\property\advprop</Filter>
    </ClInclude>
    <ClInclude Include="propertyManager\property\advprop\advpropRecord.h">
      <Filter>propertyManager\property\advprop</Filter>
    </ClInclude>
    <ClInclude Include="propertyManager\property\advprop\advpropSize.h">
      <Filter>propertyManager\property\advprop</Filter>
    </ClInclude>
    <ClInclude Include="propertyManager\property\advprop\advpropSource.h">
      <Filter>propertyManager\property\advprop</Filter>
    </ClInclude>
    <ClInclude Include="propertyManager\property\advprop\advpropString.h">
      <Filter>propertyManager\property\advprop</Filter>
    </ClInclude>
    <ClInclude Include="propertyManager\property\advprop\advpropType.h">
      <Filter>propertyManager\property\advprop</Filter>
    </ClInclude>
    <ClInclude Include="propertyManager\property\advprop\advpropDate.h">
      <Filter>propertyManager\property\advprop</Filter>
    </ClInclude>
    <ClInclude Include="propertyManager\property\advprop\advpropEnum.h">
      <Filter>propertyManager\property\advprop</Filter>
    </ClInclude>
    <ClInclude Include="propertyManager\property\advprop\advpropColour.h">
      <Filter>propertyManager\property\advprop</Filter>
    </ClInclude>
    <ClInclude Include="propertyManager\property\advprop\advpropModule.h">
      <Filter>propertyManager\property\advprop</Filter>
    </ClInclude>
    <ClInclude Include="propertyManager\property\advprop\advpropForm.h">
      <Filter>propertyManager\property\advprop</Filter>
    </ClInclude>
    <ClInclude Include="propertyManager\property\advprop\advpropSpreadsheet.h">
      <Filter>propertyManager\property\advprop</Filter>
    </ClInclude>
    <ClInclude Include="propertyManager\property\advprop\advpropBoolean.h">
      <Filter>propertyManager\property\advprop</Filter>
    </ClInclude>
    <ClInclude Include="propertyManager\property\advprop\advpropChartOfCharacteristicTypes.h">
      <Filter>propertyManager\property\advprop</Filter>
    </ClInclude>
    <ClInclude Include="propertyManager\property\advprop\advpropChartOfAccounts.h">
      <Filter>propertyManager\property\advprop</Filter>
    </ClInclude>
    <ClInclude Include="session\workerPoolGUI.h">
      <Filter>session</Filter>
    </ClInclude>
    <ClInclude Include="win\editor\codeEditor\codeEditor.h">
      <Filter>win\editor\codeEditor</Filter>
    </ClInclude>
    <ClInclude Include="win\editor\codeEditor\codeEditorInterpreter.h">
      <Filter>win\editor\codeEditor</Filter>
    </ClInclude>
    <ClInclude Include="win\editor\codeEditor\codeEditorParser.h">
      <Filter>win\editor\codeEditor</Filter>
    </ClInclude>
    <ClInclude Include="win\editor\codeEditor\codeEditorPrintOut.h">
      <Filter>win\editor\codeEditor</Filter>
    </ClInclude>
    <ClInclude Include="win\editor\codeEditor\components\autoComplete.h">
      <Filter>win\editor\codeEditor\components</Filter>
    </ClInclude>
    <ClInclude Include="win\editor\codeEditor\components\callTip.h">
      <Filter>win\editor\codeEditor\components</Filter>
    </ClInclude>
    <ClInclude Include="win\editor\codeEditor\components\helpers\fontAscent.h">
      <Filter>win\editor\codeEditor\components\helpers</Filter>
    </ClInclude>
    <ClInclude Include="win\editor\codeEditor\components\helpers\listBoxVisualData.h">
      <Filter>win\editor\codeEditor\components\helpers</Filter>
    </ClInclude>
    <ClInclude Include="win\editor\codeEditor\components\helpers\listBoxWnd.h">
      <Filter>win\editor\codeEditor\components\helpers</Filter>
    </ClInclude>
    <ClInclude Include="win\editor\codeEditor\components\helpers\popupWnd.h">
      <Filter>win\editor\codeEditor\components\helpers</Filter>
    </ClInclude>
    <ClInclude Include="win\editor\codeEditor\res\bitmaps_res.h">
      <Filter>win\editor\codeEditor\res</Filter>
    </ClInclude>
    <ClInclude Include="win\dlgs\functionSearcher\functionSearcher.h">
      <Filter>win\dlgs\functionSearcher</Filter>
    </ClInclude>
    <ClInclude Include="win\dlgs\lineInput\lineInput.h">
      <Filter>win\dlgs\lineInput</Filter>
    </ClInclude>
    <ClInclude Include="docView\docManager.h">
      <Filter>docView</Filter>
    </ClInclude>
  </ItemGroup>
  <ItemGroup>
    <Filter Include="uikit">
      <UniqueIdentifier>{b1f1a342-9f1a-4e21-9c5a-0a11b3a8d101}</UniqueIdentifier>
    </Filter>
    <Filter Include="uikit\ctrl">
      <UniqueIdentifier>{b1f1a342-9f1a-4e21-9c5a-0a11b3a8d102}</UniqueIdentifier>
    </Filter>
    <Filter Include="uikit\theme">
      <UniqueIdentifier>{b1f1a342-9f1a-4e21-9c5a-0a11b3a8d103}</UniqueIdentifier>
    </Filter>
    <Filter Include="session">
      <UniqueIdentifier>{a38c1d4e-7a52-4bc3-9e1b-12f9d8cc4a01}</UniqueIdentifier>
    </Filter>
    <Filter Include="win">
      <UniqueIdentifier>{e09820de-4672-403b-bb92-2fa562dbb2c7}</UniqueIdentifier>
    </Filter>
    <Filter Include="mainFrame">
      <UniqueIdentifier>{4d75f131-22b3-42a7-90cd-b47e61bcc564}</UniqueIdentifier>
    </Filter>
    <Filter Include="syntaxHelper">
      <UniqueIdentifier>{2f5a8d61-3c87-4b9e-a4f6-1d8e2c507b3a}</UniqueIdentifier>
    </Filter>
    <Filter Include="mainFrame\objinspect">
      <UniqueIdentifier>{5b008341-e88f-4993-8e8d-7caa98ba8c3e}</UniqueIdentifier>
    </Filter>
    <Filter Include="docView">
      <UniqueIdentifier>{442f0471-db57-440c-aa5f-f6a20e933269}</UniqueIdentifier>
    </Filter>
    <Filter Include="diagnostics">
      <UniqueIdentifier>{f9e9c1c0-3c4e-4f43-8b41-9b8f3e0a1d7c}</UniqueIdentifier>
    </Filter>
    <Filter Include="docView\templates">
      <UniqueIdentifier>{de8c1ef4-820a-4c8f-ab29-c012e37d6b0a}</UniqueIdentifier>
    </Filter>
    <Filter Include="visualView">
      <UniqueIdentifier>{15ab1d55-40d6-4e89-96f1-2b9b0bfdc779}</UniqueIdentifier>
    </Filter>
    <Filter Include="uikit">
      <UniqueIdentifier>{a3f1c2d4-7b88-4e15-9c30-6d2a51e8b471}</UniqueIdentifier>
    </Filter>
    <Filter Include="uikit\ctrl">
      <UniqueIdentifier>{b7e94a02-3c61-4f7a-8d44-91f0c5273a58}</UniqueIdentifier>
    </Filter>
    <Filter Include="uikit\theme">
      <UniqueIdentifier>{c812f6e9-5d20-49b3-a766-04e8d19c3b27}</UniqueIdentifier>
    </Filter>
    <Filter Include="win\theme">
      <UniqueIdentifier>{25dd471b-6260-4d4d-85b7-1d3978db9616}</UniqueIdentifier>
    </Filter>
    <Filter Include="mainFrame\settings">
      <UniqueIdentifier>{5ef95328-021c-422d-8e39-9055b40cc95c}</UniqueIdentifier>
    </Filter>
    <Filter Include="artProvider">
      <UniqueIdentifier>{d4a27d48-5c40-457b-a665-214b6054de8c}</UniqueIdentifier>
    </Filter>
    <Filter Include="visualView\ctrl">
      <UniqueIdentifier>{afa18155-1b9d-4ce9-9fa1-fa7484971d73}</UniqueIdentifier>
    </Filter>
    <Filter Include="artProvider\private">
      <UniqueIdentifier>{531fb9e2-c07f-4ce7-a206-811961ef7263}</UniqueIdentifier>
    </Filter>
    <Filter Include="res">
      <UniqueIdentifier>{eacc6bf8-598e-4edd-a4cf-e8c9f6d83303}</UniqueIdentifier>
    </Filter>
    <Filter Include="win\editor">
      <UniqueIdentifier>{3398c0ae-f246-48c2-869c-1d87020ca085}</UniqueIdentifier>
    </Filter>
    <Filter Include="win\editor\gridEditor">
      <UniqueIdentifier>{7ea6a336-7602-4dd1-b415-44dfa406e2f3}</UniqueIdentifier>
    </Filter>
    <Filter Include="win\editor\textEditor">
      <UniqueIdentifier>{565679ce-6d59-49c5-b8b4-b681aca12170}</UniqueIdentifier>
    </Filter>
    <Filter Include="propertyManager">
      <UniqueIdentifier>{49cc174b-5a16-4054-bf7f-d81541ee9e3d}</UniqueIdentifier>
    </Filter>
    <Filter Include="propertyManager\property">
      <UniqueIdentifier>{4ae69370-189d-43a9-9dd5-d1498de69e88}</UniqueIdentifier>
    </Filter>
    <Filter Include="propertyManager\property\private">
      <UniqueIdentifier>{daab0e00-7408-4e6f-8e76-6bc58914773b}</UniqueIdentifier>
    </Filter>
    <Filter Include="propertyManager\property\advprop">
      <UniqueIdentifier>{2df701b8-6f47-44ca-845b-4c98aac19203}</UniqueIdentifier>
    </Filter>
    <Filter Include="win\ctrls">
      <UniqueIdentifier>{274984D6-43F7-44BB-88C2-F7B019C9A958}</UniqueIdentifier>
    </Filter>
    <Filter Include="win\ctrls\charts">
      <UniqueIdentifier>{FA9D5169-D0AC-44C9-A46B-98B8FB4D5EEE}</UniqueIdentifier>
    </Filter>
    <Filter Include="win\ctrls\dataview">
      <UniqueIdentifier>{7D71AF1F-0E0A-44BF-BEF8-24D73FCD3DCE}</UniqueIdentifier>
    </Filter>
    <Filter Include="win\ctrls\grid">
      <UniqueIdentifier>{9C823E66-69F4-4AB3-9630-5E0073116F33}</UniqueIdentifier>
    </Filter>
    <Filter Include="win\ctrls\res">
      <UniqueIdentifier>{3B27C01B-A129-487D-B08C-08B67009FEA3}</UniqueIdentifier>
    </Filter>
    <Filter Include="win\dlgs">
      <UniqueIdentifier>{0F7CB570-C767-4C50-B602-646AC313AA62}</UniqueIdentifier>
    </Filter>
    <Filter Include="win\dlgs\formSelector">
      <UniqueIdentifier>{592190AE-DAB6-446E-9BA6-0669461C3AE5}</UniqueIdentifier>
    </Filter>
    <Filter Include="win\dlgs\functionSearcher">
      <UniqueIdentifier>{7B11D6F4-3AC4-4F66-AE08-575C7E32FD94}</UniqueIdentifier>
    </Filter>
    <Filter Include="win\dlgs\lineInput">
      <UniqueIdentifier>{4CEC2B21-0EA4-4B46-BA59-A2FE285DF45F}</UniqueIdentifier>
    </Filter>
    <Filter Include="win\editor\codeEditor">
      <UniqueIdentifier>{352B5A3C-051F-4521-B828-9114E5C5A0B5}</UniqueIdentifier>
    </Filter>
    <Filter Include="win\editor\codeEditor\components">
      <UniqueIdentifier>{860ACC1A-50B2-4A8F-8B90-9FC5342D8B91}</UniqueIdentifier>
    </Filter>
    <Filter Include="win\editor\codeEditor\components\helpers">
      <UniqueIdentifier>{606ADAE0-A54E-4DB9-8194-F43D98C07A53}</UniqueIdentifier>
    </Filter>
    <Filter Include="win\editor\codeEditor\res">
      <UniqueIdentifier>{F9A98E34-3B01-4FE6-B842-1C8FB64ED407}</UniqueIdentifier>
    </Filter>
  </ItemGroup>
  <ItemGroup>
    <None Include="win\ctrls\res\checked_d.xpm">
      <Filter>win\ctrls\res</Filter>
    </None>
    <None Include="win\ctrls\res\checked_ld.xpm">
      <Filter>win\ctrls\res</Filter>
    </None>
    <None Include="win\ctrls\res\checked_mo.xpm">
      <Filter>win\ctrls\res</Filter>
    </None>
    <None Include="win\ctrls\res\checked2.xpm">
      <Filter>win\ctrls\res</Filter>
    </None>
    <None Include="win\ctrls\res\unchecked_d.xpm">
      <Filter>win\ctrls\res</Filter>
    </None>
    <None Include="win\ctrls\res\unchecked_ld.xpm">
      <Filter>win\ctrls\res</Filter>
    </None>
    <None Include="win\ctrls\res\unchecked_mo.xpm">
      <Filter>win\ctrls\res</Filter>
    </None>
    <None Include="win\ctrls\res\unchecked2.xpm">
      <Filter>win\ctrls\res</Filter>
    </None>
  </ItemGroup>
  <ItemGroup>
    <ResourceCompile Include="res\frontend.rc">
      <Filter>res</Filter>
    </ResourceCompile>
  </ItemGroup>
  <ItemGroup>
    <ClCompile Include="uikit\theme.cpp">
      <Filter>uikit</Filter>
    </ClCompile>
    <ClCompile Include="uikit\inputConsumer.cpp">
      <Filter>uikit</Filter>
    </ClCompile>
    <ClCompile Include="uikit\inputHandler.cpp">
      <Filter>uikit</Filter>
    </ClCompile>
    <ClCompile Include="uikit\controlRenderer.cpp">
      <Filter>uikit</Filter>
    </ClCompile>
    <ClCompile Include="uikit\window.cpp">
      <Filter>uikit</Filter>
    </ClCompile>
    <ClCompile Include="uikit\menu.cpp">
      <Filter>uikit</Filter>
    </ClCompile>
    <ClCompile Include="uikit\theme\themeRenderer.cpp">
      <Filter>uikit\theme</Filter>
    </ClCompile>
    <ClCompile Include="uikit\theme\lunaTheme.cpp">
      <Filter>uikit\theme</Filter>
    </ClCompile>
    <ClCompile Include="uikit\ctrl\control.cpp">
      <Filter>uikit\ctrl</Filter>
    </ClCompile>
    <ClCompile Include="uikit\ctrl\scrollBar.cpp">
      <Filter>uikit\ctrl</Filter>
    </ClCompile>
    <ClCompile Include="uikit\ctrl\scrollArrow.cpp">
      <Filter>uikit\ctrl</Filter>
    </ClCompile>
    <ClCompile Include="uikit\ctrl\scrollThumb.cpp">
      <Filter>uikit\ctrl</Filter>
    </ClCompile>
    <ClCompile Include="uikit\ctrl\anyButton.cpp">
      <Filter>uikit\ctrl</Filter>
    </ClCompile>
    <ClCompile Include="uikit\ctrl\button.cpp">
      <Filter>uikit\ctrl</Filter>
    </ClCompile>
    <ClCompile Include="uikit\ctrl\staticText.cpp">
      <Filter>uikit\ctrl</Filter>
    </ClCompile>
    <ClCompile Include="uikit\ctrl\staticLine.cpp">
      <Filter>uikit\ctrl</Filter>
    </ClCompile>
    <ClCompile Include="uikit\ctrl\checkBox.cpp">
      <Filter>uikit\ctrl</Filter>
    </ClCompile>
    <ClCompile Include="uikit\ctrl\radioButton.cpp">
      <Filter>uikit\ctrl</Filter>
    </ClCompile>
    <ClCompile Include="uikit\ctrl\gauge.cpp">
      <Filter>uikit\ctrl</Filter>
    </ClCompile>
    <ClCompile Include="uikit\ctrl\toggleButton.cpp">
      <Filter>uikit\ctrl</Filter>
    </ClCompile>
    <ClCompile Include="uikit\ctrl\textCtrl.cpp">
      <Filter>uikit\ctrl</Filter>
    </ClCompile>
    <ClCompile Include="uikit\ctrl\listBox.cpp">
      <Filter>uikit\ctrl</Filter>
    </ClCompile>
    <ClCompile Include="uikit\ctrl\choice.cpp">
      <Filter>uikit\ctrl</Filter>
    </ClCompile>
    <ClCompile Include="uikit\ctrl\notebook.cpp">
      <Filter>uikit\ctrl</Filter>
    </ClCompile>
    <ClCompile Include="uikit\ctrl\toolBar.cpp">
      <Filter>uikit\ctrl</Filter>
    </ClCompile>
    <ClCompile Include="uikit\ctrl\comboBox.cpp">
      <Filter>uikit\ctrl</Filter>
    </ClCompile>
    <ClCompile Include="uikit\ctrl\spinButton.cpp">
      <Filter>uikit\ctrl</Filter>
    </ClCompile>
    <ClCompile Include="uikit\ctrl\slider.cpp">
      <Filter>uikit\ctrl</Filter>
    </ClCompile>
    <ClCompile Include="uikit\ctrl\staticBox.cpp">
      <Filter>uikit\ctrl</Filter>
    </ClCompile>
    <ClCompile Include="uikit\ctrl\staticBitmap.cpp">
      <Filter>uikit\ctrl</Filter>
    </ClCompile>
    <ClCompile Include="uikit\ctrl\bmpButton.cpp">
      <Filter>uikit\ctrl</Filter>
    </ClCompile>
    <ClCompile Include="uikit\ctrl\checkListBox.cpp">
      <Filter>uikit\ctrl</Filter>
    </ClCompile>
    <ClCompile Include="uikit\ctrl\radioBox.cpp">
      <Filter>uikit\ctrl</Filter>
    </ClCompile>
    <ClCompile Include="uikit\ctrl\treeCtrl.cpp">
      <Filter>uikit\ctrl</Filter>
    </ClCompile>
    <ClInclude Include="uikit\colourScheme.h">
      <Filter>uikit</Filter>
    </ClInclude>
    <ClInclude Include="uikit\inputConsumer.h">
      <Filter>uikit</Filter>
    </ClInclude>
    <ClInclude Include="uikit\inputHandler.h">
      <Filter>uikit</Filter>
    </ClInclude>
    <ClInclude Include="uikit\menu.h">
      <Filter>uikit</Filter>
    </ClInclude>
    <ClInclude Include="uikit\menuItem.h">
      <Filter>uikit</Filter>
    </ClInclude>
    <ClInclude Include="uikit\renderer.h">
      <Filter>uikit</Filter>
    </ClInclude>
    <ClInclude Include="uikit\scrollTimer.h">
      <Filter>uikit</Filter>
    </ClInclude>
    <ClInclude Include="uikit\theme.h">
      <Filter>uikit</Filter>
    </ClInclude>
    <ClInclude Include="uikit\uikit.h">
      <Filter>uikit</Filter>
    </ClInclude>
    <ClInclude Include="uikit\window.h">
      <Filter>uikit</Filter>
    </ClInclude>
    <ClInclude Include="uikit\theme\themeRenderer.h">
      <Filter>uikit\theme</Filter>
    </ClInclude>
    <ClInclude Include="uikit\ctrl\anyButton.h">
      <Filter>uikit\ctrl</Filter>
    </ClInclude>
    <ClInclude Include="uikit\ctrl\bmpButton.h">
      <Filter>uikit\ctrl</Filter>
    </ClInclude>
    <ClInclude Include="uikit\ctrl\button.h">
      <Filter>uikit\ctrl</Filter>
    </ClInclude>
    <ClInclude Include="uikit\ctrl\checkBox.h">
      <Filter>uikit\ctrl</Filter>
    </ClInclude>
    <ClInclude Include="uikit\ctrl\checkListBox.h">
      <Filter>uikit\ctrl</Filter>
    </ClInclude>
    <ClInclude Include="uikit\ctrl\choice.h">
      <Filter>uikit\ctrl</Filter>
    </ClInclude>
    <ClInclude Include="uikit\ctrl\comboBox.h">
      <Filter>uikit\ctrl</Filter>
    </ClInclude>
    <ClInclude Include="uikit\ctrl\control.h">
      <Filter>uikit\ctrl</Filter>
    </ClInclude>
    <ClInclude Include="uikit\ctrl\gauge.h">
      <Filter>uikit\ctrl</Filter>
    </ClInclude>
    <ClInclude Include="uikit\ctrl\listBox.h">
      <Filter>uikit\ctrl</Filter>
    </ClInclude>
    <ClInclude Include="uikit\ctrl\notebook.h">
      <Filter>uikit\ctrl</Filter>
    </ClInclude>
    <ClInclude Include="uikit\ctrl\radioBox.h">
      <Filter>uikit\ctrl</Filter>
    </ClInclude>
    <ClInclude Include="uikit\ctrl\radioButton.h">
      <Filter>uikit\ctrl</Filter>
    </ClInclude>
    <ClInclude Include="uikit\ctrl\scrollArrow.h">
      <Filter>uikit\ctrl</Filter>
    </ClInclude>
    <ClInclude Include="uikit\ctrl\scrollBar.h">
      <Filter>uikit\ctrl</Filter>
    </ClInclude>
    <ClInclude Include="uikit\ctrl\scrollThumb.h">
      <Filter>uikit\ctrl</Filter>
    </ClInclude>
    <ClInclude Include="uikit\ctrl\slider.h">
      <Filter>uikit\ctrl</Filter>
    </ClInclude>
    <ClInclude Include="uikit\ctrl\spinButton.h">
      <Filter>uikit\ctrl</Filter>
    </ClInclude>
    <ClInclude Include="uikit\ctrl\staticBitmap.h">
      <Filter>uikit\ctrl</Filter>
    </ClInclude>
    <ClInclude Include="uikit\ctrl\staticBox.h">
      <Filter>uikit\ctrl</Filter>
    </ClInclude>
    <ClInclude Include="uikit\ctrl\staticLine.h">
      <Filter>uikit\ctrl</Filter>
    </ClInclude>
    <ClInclude Include="uikit\ctrl\staticText.h">
      <Filter>uikit\ctrl</Filter>
    </ClInclude>
    <ClInclude Include="uikit\ctrl\textCtrl.h">
      <Filter>uikit\ctrl</Filter>
    </ClInclude>
    <ClInclude Include="uikit\ctrl\toggleButton.h">
      <Filter>uikit\ctrl</Filter>
    </ClInclude>
    <ClInclude Include="uikit\ctrl\toolBar.h">
      <Filter>uikit\ctrl</Filter>
    </ClInclude>
    <ClInclude Include="uikit\ctrl\treeCtrl.h">
      <Filter>uikit\ctrl</Filter>
    </ClInclude>
  </ItemGroup>
</Project>