<?xml version="1.0" encoding="utf-8"?>
<Project ToolsVersion="4.0" xmlns="http://schemas.microsoft.com/developer/msbuild/2003">
  <ItemGroup>
    <Filter Include="web">
      <UniqueIdentifier>{31A5F01C-1001-4001-8001-000000000001}</UniqueIdentifier>
    </Filter>
    <Filter Include="docView">
      <UniqueIdentifier>{31A5F01C-1001-4001-8001-000000000002}</UniqueIdentifier>
    </Filter>
    <Filter Include="visualView">
      <UniqueIdentifier>{31A5F01C-1001-4001-8001-000000000003}</UniqueIdentifier>
    </Filter>
    <Filter Include="visualView\ctrl">
      <UniqueIdentifier>{31A5F01C-1001-4001-8001-000000000004}</UniqueIdentifier>
    </Filter>
  </ItemGroup>
  <ItemGroup>
    <ClCompile Include="wfrontend.cpp" />
    <ClCompile Include="web\webClient.cpp">      <Filter>web</Filter></ClCompile>
    <ClCompile Include="web\webSession.cpp">     <Filter>web</Filter></ClCompile>
    <ClCompile Include="web\webApplication.cpp"> <Filter>web</Filter></ClCompile>
    <ClCompile Include="web\webFrame.cpp">       <Filter>web</Filter></ClCompile>
    <ClCompile Include="web\webWindow.cpp">      <Filter>web</Filter></ClCompile>
    <ClCompile Include="web\webSizer.cpp">       <Filter>web</Filter></ClCompile>
    <ClCompile Include="web\webTimer.cpp">       <Filter>web</Filter></ClCompile>
    <ClCompile Include="web\webChildFrame.cpp">  <Filter>web</Filter></ClCompile>
    <ClCompile Include="web\webStubs.cpp">       <Filter>web</Filter></ClCompile>
    <ClCompile Include="visualView\visualHost.cpp">             <Filter>visualView</Filter></ClCompile>
    <ClCompile Include="visualView\visualHostEvent.cpp">        <Filter>visualView</Filter></ClCompile>
    <ClCompile Include="visualView\visualHostClient.cpp">       <Filter>visualView</Filter></ClCompile>
    <ClCompile Include="visualView\visualHostClientDocView.cpp"><Filter>visualView</Filter></ClCompile>
    <ClCompile Include="visualView\controlEnum.cpp">            <Filter>visualView</Filter></ClCompile>
    <ClCompile Include="docView\docManager.cpp">                <Filter>docView</Filter></ClCompile>
    <ClCompile Include="docView\docView.cpp">                   <Filter>docView</Filter></ClCompile>
    <ClCompile Include="visualView\ctrl\control.cpp">           <Filter>visualView\ctrl</Filter></ClCompile>
    <ClCompile Include="visualView\ctrl\controlProperty.cpp">   <Filter>visualView\ctrl</Filter></ClCompile>
    <ClCompile Include="visualView\ctrl\typeControl.cpp">       <Filter>visualView\ctrl</Filter></ClCompile>
    <ClCompile Include="visualView\ctrl\window.cpp">            <Filter>visualView\ctrl</Filter></ClCompile>
    <ClCompile Include="visualView\ctrl\frame.cpp">             <Filter>visualView\ctrl</Filter></ClCompile>
    <ClCompile Include="visualView\ctrl\sizer.cpp">             <Filter>visualView\ctrl</Filter></ClCompile>
    <ClCompile Include="visualView\ctrl\boxsizer.cpp">          <Filter>visualView\ctrl</Filter></ClCompile>
    <ClCompile Include="visualView\ctrl\button.cpp">            <Filter>visualView\ctrl</Filter></ClCompile>
    <ClCompile Include="visualView\ctrl\button_res.cpp">        <Filter>visualView\ctrl</Filter></ClCompile>
    <ClCompile Include="visualView\ctrl\buttonEvent.cpp">       <Filter>visualView\ctrl</Filter></ClCompile>
    <ClCompile Include="visualView\ctrl\statictext.cpp">        <Filter>visualView\ctrl</Filter></ClCompile>
    <ClCompile Include="visualView\ctrl\statictextEvent.cpp">        <Filter>visualView\ctrl</Filter></ClCompile>
    <ClCompile Include="visualView\ctrl\statictext_res.cpp">    <Filter>visualView\ctrl</Filter></ClCompile>
    <ClCompile Include="visualView\ctrl\textctrl.cpp">          <Filter>visualView\ctrl</Filter></ClCompile>
    <ClCompile Include="visualView\ctrl\textctrlEvent.cpp">     <Filter>visualView\ctrl</Filter></ClCompile>
    <ClCompile Include="visualView\ctrl\textctrlProperty.cpp">  <Filter>visualView\ctrl</Filter></ClCompile>
    <ClCompile Include="visualView\ctrl\textctrl_res.cpp">      <Filter>visualView\ctrl</Filter></ClCompile>
    <ClCompile Include="visualView\ctrl\checkbox.cpp">          <Filter>visualView\ctrl</Filter></ClCompile>
    <ClCompile Include="visualView\ctrl\checkboxEvent.cpp">     <Filter>visualView\ctrl</Filter></ClCompile>
    <ClCompile Include="visualView\ctrl\checkboxProperty.cpp">  <Filter>visualView\ctrl</Filter></ClCompile>
    <ClCompile Include="visualView\ctrl\checkbox_res.cpp">      <Filter>visualView\ctrl</Filter></ClCompile>
    <ClCompile Include="visualView\ctrl\toolBar.cpp">           <Filter>visualView\ctrl</Filter></ClCompile>
    <ClCompile Include="visualView\ctrl\toolBar_res.cpp">       <Filter>visualView\ctrl</Filter></ClCompile>
    <ClCompile Include="visualView\ctrl\toolBarItem.cpp">       <Filter>visualView\ctrl</Filter></ClCompile>
    <ClCompile Include="visualView\ctrl\toolBarItem_res.cpp">   <Filter>visualView\ctrl</Filter></ClCompile>
    <ClCompile Include="visualView\ctrl\toolBarEvent.cpp">      <Filter>visualView\ctrl</Filter></ClCompile>
    <ClCompile Include="visualView\ctrl\toolBarProperty.cpp">   <Filter>visualView\ctrl</Filter></ClCompile>
    <ClCompile Include="visualView\ctrl\toolBarMenu.cpp">       <Filter>visualView\ctrl</Filter></ClCompile>
    <ClCompile Include="visualView\ctrl\toolBarAction.cpp">     <Filter>visualView\ctrl</Filter></ClCompile>
    <ClCompile Include="visualView\ctrl\toolBarItemAction.cpp"> <Filter>visualView\ctrl</Filter></ClCompile>
    <ClCompile Include="visualView\ctrl\wrapsizer.cpp">         <Filter>visualView\ctrl</Filter></ClCompile>
    <ClCompile Include="visualView\ctrl\staticboxsizer.cpp">    <Filter>visualView\ctrl</Filter></ClCompile>
    <ClCompile Include="visualView\ctrl\gridsizer.cpp">         <Filter>visualView\ctrl</Filter></ClCompile>
    <ClCompile Include="visualView\ctrl\itemsizer.cpp">         <Filter>visualView\ctrl</Filter></ClCompile>
    <ClCompile Include="visualView\ctrl\form.cpp">              <Filter>visualView\ctrl</Filter></ClCompile>
    <ClCompile Include="visualView\ctrl\formControl.cpp">       <Filter>visualView\ctrl</Filter></ClCompile>
    <ClCompile Include="visualView\ctrl\formObject.cpp">        <Filter>visualView\ctrl</Filter></ClCompile>
    <ClCompile Include="visualView\ctrl\formVisualHost.cpp">    <Filter>visualView\ctrl</Filter></ClCompile>
    <ClCompile Include="visualView\ctrl\frameEvent.cpp">        <Filter>visualView\ctrl</Filter></ClCompile>
    <ClCompile Include="visualView\ctrl\frameID.cpp">           <Filter>visualView\ctrl</Filter></ClCompile>
    <ClCompile Include="visualView\ctrl\frameProperty.cpp">     <Filter>visualView\ctrl</Filter></ClCompile>
    <ClCompile Include="visualView\ctrl\formAction.cpp">        <Filter>visualView\ctrl</Filter></ClCompile>
    <ClCompile Include="visualView\ctrl\formFactory.cpp">       <Filter>visualView\ctrl</Filter></ClCompile>
    <ClCompile Include="visualView\ctrl\formMem.cpp">           <Filter>visualView\ctrl</Filter></ClCompile>
    <ClCompile Include="visualView\ctrl\form_res.cpp">          <Filter>visualView\ctrl</Filter></ClCompile>
    <ClCompile Include="visualView\ctrl\boxsizer_res.cpp">      <Filter>visualView\ctrl</Filter></ClCompile>
    <ClCompile Include="visualView\ctrl\gridsizer_res.cpp">     <Filter>visualView\ctrl</Filter></ClCompile>
    <ClCompile Include="visualView\ctrl\staticboxsizer_res.cpp"><Filter>visualView\ctrl</Filter></ClCompile>
    <ClCompile Include="visualView\ctrl\wrapsizer_res.cpp">     <Filter>visualView\ctrl</Filter></ClCompile>
    <ClCompile Include="visualView\ctrl\tableBox.cpp">          <Filter>visualView\ctrl</Filter></ClCompile>
    <ClCompile Include="visualView\ctrl\tableBox_res.cpp">      <Filter>visualView\ctrl</Filter></ClCompile>
    <ClCompile Include="visualView\ctrl\tableBoxColumn.cpp">    <Filter>visualView\ctrl</Filter></ClCompile>
    <ClCompile Include="visualView\ctrl\tableBoxColumn_res.cpp"><Filter>visualView\ctrl</Filter></ClCompile>
    <ClCompile Include="visualView\ctrl\tableBoxColumnGroup.cpp"><Filter>visualView\ctrl</Filter></ClCompile>
    <ClCompile Include="visualView\ctrl\tableBoxColumnGroup_res.cpp"><Filter>visualView\ctrl</Filter></ClCompile>
  </ItemGroup>
  <ItemGroup>
    <ClInclude Include="wfrontend.h" />
    <ClInclude Include="frontendTypes.h" />
    <ClInclude Include="web\webSession.h">      <Filter>web</Filter></ClInclude>
    <ClInclude Include="web\webApplication.h">  <Filter>web</Filter></ClInclude>
    <ClInclude Include="web\webFrame.h">        <Filter>web</Filter></ClInclude>
    <ClInclude Include="web\webWindow.h">       <Filter>web</Filter></ClInclude>
    <ClInclude Include="web\webSizer.h">        <Filter>web</Filter></ClInclude>
    <ClInclude Include="web\webTimer.h">        <Filter>web</Filter></ClInclude>
    <ClInclude Include="web\webChildFrame.h">   <Filter>web</Filter></ClInclude>
    <ClInclude Include="visualView\visualHost.h">       <Filter>visualView</Filter></ClInclude>
    <ClInclude Include="visualView\visualHostClient.h"> <Filter>visualView</Filter></ClInclude>
  </ItemGroup>
</Project>
