<?xml version="1.0" encoding="utf-8"?>
<Project ToolsVersion="4.0" xmlns="http://schemas.microsoft.com/developer/msbuild/2003">
  <ItemGroup>
    <ClCompile Include="fileserver.cpp" />
    <ClCompile Include="fileBase.cpp" />
  </ItemGroup>
  <ItemGroup>
    <ClInclude Include="fileserver.h" />
    <ClInclude Include="fileBase.h" />
  </ItemGroup>
  <ItemGroup>
    <Filter Include="res">
      <UniqueIdentifier>{63fab855-9e41-4d51-abdf-8ca792ebaa39}</UniqueIdentifier>
    </Filter>
  </ItemGroup>
  <ItemGroup>
    <ClInclude Include="res\resource.h">
      <Filter>res</Filter>
    </ClInclude>
  </ItemGroup>
  <ItemGroup>
    <ResourceCompile Include="res\fileserver.rc">
      <Filter>res</Filter>
    </ResourceCompile>
  </ItemGroup>
</Project>
